// !$*UTF8*$!
{
	archiveVersion = 1;
	classes = {
	};
	objectVersion = 46;
	objects = {

/* Begin PBXBuildFile section */
		06B6CB863DC33BE1453207B8 /* Pods_gift.framework in Frameworks */ = {isa = PBXBuildFile; fileRef = BEF99795085D1F08F70CC0EB /* Pods_gift.framework */; };
		62DD90470870A5C2378DC4E8 /* VenueSearchView.swift in Sources */ = {isa = PBXBuildFile; fileRef = 62DD95C4729943F1F9F60930 /* VenueSearchView.swift */; };
		62DD9059680C758930A0154A /* LocationManager.swift in Sources */ = {isa = PBXBuildFile; fileRef = 62DD96B86362864AAAD81D97 /* LocationManager.swift */; };
		62DD906E0E594F11216F3AC4 /* AppRoute.swift in Sources */ = {isa = PBXBuildFile; fileRef = 62DD9D1A2DCF726EAD0D7127 /* AppRoute.swift */; };
		62DD90EAAF31F281943FCBAE /* VenueSearchResultsView.swift in Sources */ = {isa = PBXBuildFile; fileRef = 62DD9AD0A6DBA69826DFDE1A /* VenueSearchResultsView.swift */; };
		62DD91354D2603DA3924174F /* Rubik-Bold.ttf in Resources */ = {isa = PBXBuildFile; fileRef = 62DD98CC1772A641A37459C2 /* Rubik-Bold.ttf */; };
		62DD917138B9DBA0B1B53769 /* AlertViewControllerFactory.swift in Sources */ = {isa = PBXBuildFile; fileRef = 62DD911ABF431BFA2AE4093F /* AlertViewControllerFactory.swift */; };
		62DD91CC97693CA350EDD261 /* String+Initials.swift in Sources */ = {isa = PBXBuildFile; fileRef = 62DD9069903E3335729CE80E /* String+Initials.swift */; };
		62DD91E5290BC19B93DF9E2D /* FacebookClient.swift in Sources */ = {isa = PBXBuildFile; fileRef = 62DD9AAF92BB5D7CEBA634B3 /* FacebookClient.swift */; };
		62DD91E9EF61979664F984C3 /* String+Email.swift in Sources */ = {isa = PBXBuildFile; fileRef = 62DD9F8F34EE1BCA6206134E /* String+Email.swift */; };
		62DD92029A6850D585FEA9F3 /* GiftServiceCoreClient+User.swift in Sources */ = {isa = PBXBuildFile; fileRef = 62DD9BDE9C543FC466124348 /* GiftServiceCoreClient+User.swift */; };
		62DD9227F285732C694E5FAD /* ActivityIndicatorView.swift in Sources */ = {isa = PBXBuildFile; fileRef = 62DD94070F713CE65554320E /* ActivityIndicatorView.swift */; };
		62DD9229654B5ABFD4ACFFDD /* EditProfileViewController.swift in Sources */ = {isa = PBXBuildFile; fileRef = 62DD9BD12B68127AE765C9A5 /* EditProfileViewController.swift */; };
		62DD92509084F389BF23D725 /* EmptyTablePlaceholderView.swift in Sources */ = {isa = PBXBuildFile; fileRef = 62DD9102957007A013E86E7D /* EmptyTablePlaceholderView.swift */; };
		62DD92B1988F46AB4ACDBCC7 /* CreateCoupleView.swift in Sources */ = {isa = PBXBuildFile; fileRef = 62DD9683761B87D7F5524A59 /* CreateCoupleView.swift */; };
		62DD92B8DF265DEC0212B6EA /* LoginView.swift in Sources */ = {isa = PBXBuildFile; fileRef = 62DD9F0225584711E507EE8E /* LoginView.swift */; };
		62DD92CCD1D9C4A7B1F039D6 /* Rubik-MediumItalic.ttf in Resources */ = {isa = PBXBuildFile; fileRef = 62DD940E9839BA2CD2BAC75E /* Rubik-MediumItalic.ttf */; };
		62DD92DDFA3CB54F352B1B32 /* DTOBase.swift in Sources */ = {isa = PBXBuildFile; fileRef = 62DD9A6237ABF7971B32AD88 /* DTOBase.swift */; };
		62DD92F811605DC177794E90 /* Event.swift in Sources */ = {isa = PBXBuildFile; fileRef = 62DD92750583B29A40E93C7B /* Event.swift */; };
		62DD930D91B519AFFF2EFA98 /* User.swift in Sources */ = {isa = PBXBuildFile; fileRef = 62DD981BFB745FF000A6EE9E /* User.swift */; };
		62DD9318D4342F59E3A492C7 /* TokenDTO.swift in Sources */ = {isa = PBXBuildFile; fileRef = 62DD9BF7EAD739DE5EC8A9A3 /* TokenDTO.swift */; };
		62DD936CF738D6209B33CD7D /* EventSearchViewController.swift in Sources */ = {isa = PBXBuildFile; fileRef = 62DD9C359846AD68A469D2FB /* EventSearchViewController.swift */; };
		62DD93A2272FF588DBF396CF /* UIView+RoundedCorenersAndBaorder.swift in Sources */ = {isa = PBXBuildFile; fileRef = 62DD96C09206DE7F827740B9 /* UIView+RoundedCorenersAndBaorder.swift */; };
		62DD93E03668496594A71196 /* DistanceUnitUtils.swift in Sources */ = {isa = PBXBuildFile; fileRef = 62DD9C4FB058E706239A19C0 /* DistanceUnitUtils.swift */; };
		62DD93E4288DF9D87124734B /* GiftServiceCoreClient+Authentication.swift in Sources */ = {isa = PBXBuildFile; fileRef = 62DD9999B81F2E3121557C89 /* GiftServiceCoreClient+Authentication.swift */; };
		62DD94107045542006F6A8EF /* ModelBase.swift in Sources */ = {isa = PBXBuildFile; fileRef = 62DD9DA502C877CD334A3C0E /* ModelBase.swift */; };
		62DD9448AEE9BAA5E0BA67AE /* SendGiftButton.swift in Sources */ = {isa = PBXBuildFile; fileRef = 62DD9D2877E6B94D4BD579FE /* SendGiftButton.swift */; };
		62DD94715E11F78F77EEB5D0 /* HistoryViewController.swift in Sources */ = {isa = PBXBuildFile; fileRef = 62DD92FF0AACAFE0E94393D9 /* HistoryViewController.swift */; };
		62DD947BC999D76B65C5C5D1 /* VenueSearchResultsViewController.swift in Sources */ = {isa = PBXBuildFile; fileRef = 62DD900F167BD9361B4A3CEB /* VenueSearchResultsViewController.swift */; };
		62DD94BBD10FB559F8D4A924 /* String+Localized.swift in Sources */ = {isa = PBXBuildFile; fileRef = 62DD9C6200ED10C414BAC4E2 /* String+Localized.swift */; };
		62DD9544284E5BFDBD6A3C48 /* ContactDetailsView.swift in Sources */ = {isa = PBXBuildFile; fileRef = 62DD98B5C1BE67CEC1521AE5 /* ContactDetailsView.swift */; };
		62DD955DB26FBE3003D598A0 /* Rubik-LightItalic.ttf in Resources */ = {isa = PBXBuildFile; fileRef = 62DD906D8C4506EE9DE566A4 /* Rubik-LightItalic.ttf */; };
		62DD95670B946382752186DE /* LoginViewController.swift in Sources */ = {isa = PBXBuildFile; fileRef = 62DD9DCA03503B4293DAD836 /* LoginViewController.swift */; };
		62DD95927FF3A8D74B821578 /* SettingsView.swift in Sources */ = {isa = PBXBuildFile; fileRef = 62DD9CAB5B2E629F2856BFEF /* SettingsView.swift */; };
		62DD95B0E0899D5E87785BD9 /* Launcher.swift in Sources */ = {isa = PBXBuildFile; fileRef = 62DD9BF77C898E54A0867FFB /* Launcher.swift */; };
		62DD9623AF79D8B270E08B43 /* Alamofire+CollectionRequestParamEncoding.swift in Sources */ = {isa = PBXBuildFile; fileRef = 62DD9BEC0EBD96E7583F94ED /* Alamofire+CollectionRequestParamEncoding.swift */; };
		62DD963C0B7B8A90B110AC44 /* JSON+Date.swift in Sources */ = {isa = PBXBuildFile; fileRef = 62DD9F6FFC8BB226EE49CA93 /* JSON+Date.swift */; };
		62DD9668E95D1D23DFC8DBFA /* EventCell.swift in Sources */ = {isa = PBXBuildFile; fileRef = 62DD93DEA58E883920317F4E /* EventCell.swift */; };
		62DD972F5DAB092309A23944 /* Assets.xcassets in Resources */ = {isa = PBXBuildFile; fileRef = 62DD94C064D7F82B98C369EA /* Assets.xcassets */; };
		62DD9733C7C0536F2E4586AE /* EditProfileView.swift in Sources */ = {isa = PBXBuildFile; fileRef = 62DD95571033DF4534E17B9C /* EditProfileView.swift */; };
		62DD9735E71E428EFADFCE22 /* Date+String.swift in Sources */ = {isa = PBXBuildFile; fileRef = 62DD91DDABC7A451CEE55958 /* Date+String.swift */; };
		62DD976845ABAB3831D0B31D /* UIVIewController+HideKeyboard.swift in Sources */ = {isa = PBXBuildFile; fileRef = 62DD90697725EEECCFEB92CA /* UIVIewController+HideKeyboard.swift */; };
		62DD97A1995E3B6296837177 /* Configuration.swift in Sources */ = {isa = PBXBuildFile; fileRef = 62DD927D423D336622BEF4E8 /* Configuration.swift */; };
		62DD97AC351F75E25753FFD5 /* EventSearchView.swift in Sources */ = {isa = PBXBuildFile; fileRef = 62DD96F030DD1E9FD640F5C2 /* EventSearchView.swift */; };
		62DD97E242B6113678B41107 /* WelcomeViewController.swift in Sources */ = {isa = PBXBuildFile; fileRef = 62DD96BEFA4C03B19339F95F /* WelcomeViewController.swift */; };
		62DD980F331211CC7A8BAE97 /* Rubik-BoldItalic.ttf in Resources */ = {isa = PBXBuildFile; fileRef = 62DD9B97A036A205663A075C /* Rubik-BoldItalic.ttf */; };
		62DD984472AE2FC295352D57 /* PaddedTextField.swift in Sources */ = {isa = PBXBuildFile; fileRef = 62DD9601F44EE34943E71B96 /* PaddedTextField.swift */; };
		62DD989029E372C21C2DECB6 /* UserDTO.swift in Sources */ = {isa = PBXBuildFile; fileRef = 62DD933F9FD7A8D365CDA251 /* UserDTO.swift */; };
		62DD98B2E9FB4FF2D8B4AF7A /* Rubik-Medium.ttf in Resources */ = {isa = PBXBuildFile; fileRef = 62DD96AE359135B835F65F77 /* Rubik-Medium.ttf */; };
		62DD98D522EBF951B3848F41 /* GiftServiceCoreClient+Event.swift in Sources */ = {isa = PBXBuildFile; fileRef = 62DD97AB2B4D309BA2241060 /* GiftServiceCoreClient+Event.swift */; };
		62DD98D87B040262AFDC4313 /* GiftServiceCoreClient.swift in Sources */ = {isa = PBXBuildFile; fileRef = 62DD905D5180771CAF5C115E /* GiftServiceCoreClient.swift */; };
		62DD990BF1D10B366F6E53BB /* HomeView.swift in Sources */ = {isa = PBXBuildFile; fileRef = 62DD9D2FFB2E8A4F4986C0D3 /* HomeView.swift */; };
		62DD9927C252D2D5679E3E4E /* Alamofire+OptionalParameter.swift in Sources */ = {isa = PBXBuildFile; fileRef = 62DD97A07AF78A3FAB5D9D85 /* Alamofire+OptionalParameter.swift */; };
		62DD9937F8A62FD99E0293A2 /* ModelFactory.swift in Sources */ = {isa = PBXBuildFile; fileRef = 62DD916D9E7EBEDA22CE3FD0 /* ModelFactory.swift */; };
		62DD9939495BB87EE8CFD2B6 /* AvatarViewController.swift in Sources */ = {isa = PBXBuildFile; fileRef = 62DD9BE7C6E1431E0790CA36 /* AvatarViewController.swift */; };
		62DD994E0D14A5C284A358B1 /* UserService.swift in Sources */ = {isa = PBXBuildFile; fileRef = 62DD9A6D9B7E734EC492CBA2 /* UserService.swift */; };
		62DD999176FE60B9080D7EAE /* VerificaionCodeViewController.swift in Sources */ = {isa = PBXBuildFile; fileRef = 62DD9DDA4189BDA4BA4C6F9C /* VerificaionCodeViewController.swift */; };
		62DD999F6932932AFC6DFB3B /* VenueCell.swift in Sources */ = {isa = PBXBuildFile; fileRef = 62DD92A41039C73E275441DE /* VenueCell.swift */; };
		62DD99C46939549472F8C011 /* Rubik-Italic.ttf in Resources */ = {isa = PBXBuildFile; fileRef = 62DD9D5D2F61AD9658FD7343 /* Rubik-Italic.ttf */; };
		62DD99F352BF3865BAFBFB13 /* AnimatedTextField.swift in Sources */ = {isa = PBXBuildFile; fileRef = 62DD9CB2555016D1A32A6455 /* AnimatedTextField.swift */; };
		62DD9A2D09B0D5FA8AF7320F /* EventSearchResultsViewController.swift in Sources */ = {isa = PBXBuildFile; fileRef = 62DD9E697C2FC367B1CFFC03 /* EventSearchResultsViewController.swift */; };
		62DD9A469B8830F977A0E34D /* GiftServiceCoreClient+Venue.swift in Sources */ = {isa = PBXBuildFile; fileRef = 62DD945F8DE0880E9CA83583 /* GiftServiceCoreClient+Venue.swift */; };
		62DD9A8F9D45F24891A9B048 /* LocationUtils.swift in Sources */ = {isa = PBXBuildFile; fileRef = 62DD9C9EEBBD233B9F8904F2 /* LocationUtils.swift */; };
		62DD9AC8B209CAD8CFDB1F31 /* UIFont+GFTAdditions.swift in Sources */ = {isa = PBXBuildFile; fileRef = 62DD9079F00B243015EEAEC1 /* UIFont+GFTAdditions.swift */; };
		62DD9B2BE8291EB521F5529C /* EventService.swift in Sources */ = {isa = PBXBuildFile; fileRef = 62DD9CEBA328FC53A1BC1A1A /* EventService.swift */; };
		62DD9B323058476B073EF0D9 /* UIImage+Resize.swift in Sources */ = {isa = PBXBuildFile; fileRef = 62DD9011430B13BE13086750 /* UIImage+Resize.swift */; };
		62DD9B5537156133D476A38C /* UITableView+HeaderViewAutolayout.swift in Sources */ = {isa = PBXBuildFile; fileRef = 62DD94280673A9DAA87A0427 /* UITableView+HeaderViewAutolayout.swift */; };
		62DD9B8C394A43F0E55CE29E /* Rubik-Black.ttf in Resources */ = {isa = PBXBuildFile; fileRef = 62DD92DB176B36DD2A1062A3 /* Rubik-Black.ttf */; };
		62DD9B8D4797D9EDD9123648 /* AuthenticationService.swift in Sources */ = {isa = PBXBuildFile; fileRef = 62DD9E5D14E612ACF6F08E58 /* AuthenticationService.swift */; };
		62DD9BBBCA0904A5C08A268D /* CoreComponentsAssembly.swift in Sources */ = {isa = PBXBuildFile; fileRef = 62DD9A7A25123C4F971FB553 /* CoreComponentsAssembly.swift */; };
		62DD9BC19D7706F463E9ABC0 /* DeveloperTools.swift in Sources */ = {isa = PBXBuildFile; fileRef = 62DD92BFC4FDB443E2047229 /* DeveloperTools.swift */; };
		62DD9BCBA6DC7126BE3D620C /* AvatarView.swift in Sources */ = {isa = PBXBuildFile; fileRef = 62DD92DA6FFC16A8259A5068 /* AvatarView.swift */; };
		62DD9BD664CDF986B4D67DC9 /* didLoggedOutEvent.swift in Sources */ = {isa = PBXBuildFile; fileRef = 62DD98E6DA7C6B77CD73BF8E /* didLoggedOutEvent.swift */; };
		62DD9BD7EF079D1E9F4DD468 /* CreateCoupleViewController.swift in Sources */ = {isa = PBXBuildFile; fileRef = 62DD927680BFAF91DA0A1546 /* CreateCoupleViewController.swift */; };
		62DD9BF8CED1575C0BFAF09E /* SettingsModalButtonCell.swift in Sources */ = {isa = PBXBuildFile; fileRef = 62DD9123A27B7DF24FA99CFF /* SettingsModalButtonCell.swift */; };
		62DD9C657A4D9B4D33844951 /* HomeViewController.swift in Sources */ = {isa = PBXBuildFile; fileRef = 62DD9900EBB0861053EA469F /* HomeViewController.swift */; };
		62DD9C6DDD2A27A965AA0C31 /* Rubik-Regular.ttf in Resources */ = {isa = PBXBuildFile; fileRef = 62DD995503C45636206650A9 /* Rubik-Regular.ttf */; };
		62DD9C7666D58695272470D7 /* Rubik-BlackItalic.ttf in Resources */ = {isa = PBXBuildFile; fileRef = 62DD9826702EABC276EC9D84 /* Rubik-BlackItalic.ttf */; };
		62DD9CC079B66F74B25ED2C5 /* Rubik-Light.ttf in Resources */ = {isa = PBXBuildFile; fileRef = 62DD90AAEB142790B7CE0DB7 /* Rubik-Light.ttf */; };
		62DD9CD0C410605E4929B6BD /* WelcomeView.swift in Sources */ = {isa = PBXBuildFile; fileRef = 62DD9BE5D4499260BCC9B035 /* WelcomeView.swift */; };
		62DD9CF888974D2484E933A5 /* VenueService.swift in Sources */ = {isa = PBXBuildFile; fileRef = 62DD9AE52059F22CAED65099 /* VenueService.swift */; };
		62DD9CFB192E7058F3F0922E /* MainTabViewController.swift in Sources */ = {isa = PBXBuildFile; fileRef = 62DD9926D28B99D8926DBF31 /* MainTabViewController.swift */; };
		62DD9D35D2BBEBDF2F2B436F /* IdentityUpdatedEvent.swift in Sources */ = {isa = PBXBuildFile; fileRef = 62DD9130C3CAEF4EC0C40A80 /* IdentityUpdatedEvent.swift */; };
		62DD9D5E23E64B9A0EE9DD4F /* SettingsProfileDetailsCell.swift in Sources */ = {isa = PBXBuildFile; fileRef = 62DD9FDA56C9CA5D03D51112 /* SettingsProfileDetailsCell.swift */; };
		62DD9D7E19A522EC9ACD82AD /* EventDTO.swift in Sources */ = {isa = PBXBuildFile; fileRef = 62DD904EF51D7753E194F161 /* EventDTO.swift */; };
		62DD9D83B5251FDEDDD2A800 /* VenueSearchViewController.swift in Sources */ = {isa = PBXBuildFile; fileRef = 62DD92C83841E54D1C75F396 /* VenueSearchViewController.swift */; };
		62DD9D8AD08619FC99E2EB64 /* Venue.swift in Sources */ = {isa = PBXBuildFile; fileRef = 62DD92FA3DF68A0F01C25E17 /* Venue.swift */; };
		62DD9DB15C6C0B60C4E6FA37 /* UIView+Boarders.swift in Sources */ = {isa = PBXBuildFile; fileRef = 62DD957BEEC00C857F366CD6 /* UIView+Boarders.swift */; };
		62DD9DD112B4D183EC7255DC /* VerificationCodeView.swift in Sources */ = {isa = PBXBuildFile; fileRef = 62DD9E80633CF07DC9361AB8 /* VerificationCodeView.swift */; };
		62DD9DEE3EBC9E9F4F12B748 /* UIColor+GFTAdditions.swift in Sources */ = {isa = PBXBuildFile; fileRef = 62DD9564E93F17761B6F4AFC /* UIColor+GFTAdditions.swift */; };
		62DD9E26144A328F3B6D9871 /* String+PhoneNumber.swift in Sources */ = {isa = PBXBuildFile; fileRef = 62DD9CA30948BAAE79B33FB2 /* String+PhoneNumber.swift */; };
		62DD9E31674C3FBDCE59C2E8 /* Logger.swift in Sources */ = {isa = PBXBuildFile; fileRef = 62DD90E975F6E00F64BB05A8 /* Logger.swift */; };
		62DD9E4C8EEC500132AD9622 /* BigButton.swift in Sources */ = {isa = PBXBuildFile; fileRef = 62DD9FA43BF8507919CDF443 /* BigButton.swift */; };
		62DD9E721DF907942F60A02A /* SettingsViewController.swift in Sources */ = {isa = PBXBuildFile; fileRef = 62DD9B951D76394291709BEF /* SettingsViewController.swift */; };
		62DD9EC14A6E0945A821201A /* Identity.swift in Sources */ = {isa = PBXBuildFile; fileRef = 62DD90A09C89F00141448B01 /* Identity.swift */; };
		62DD9EEB4155E4B3BB9287C2 /* VenueDTO.swift in Sources */ = {isa = PBXBuildFile; fileRef = 62DD9D00501EAF670C8655E0 /* VenueDTO.swift */; };
		62DD9F81DB36304FF54E00D6 /* EventSearchResultsView.swift in Sources */ = {isa = PBXBuildFile; fileRef = 62DD9321CD82D9E653815FF1 /* EventSearchResultsView.swift */; };
		62DD9F8781C0E94CBEE44C55 /* SettingsPushButtonCell.swift in Sources */ = {isa = PBXBuildFile; fileRef = 62DD9930482A4AA9CFCA8758 /* SettingsPushButtonCell.swift */; };
		901A5F6E1CF78654008C5E52 /* Token.swift in Sources */ = {isa = PBXBuildFile; fileRef = 901A5F6D1CF78654008C5E52 /* Token.swift */; };
		9036AD081D953CC0007D6206 /* InfoPlist.strings in Resources */ = {isa = PBXBuildFile; fileRef = 9036AD0A1D953CC0007D6206 /* InfoPlist.strings */; };
		9063255F1D06136100064FC0 /* Alamofire+AuthenticationHeader.swift in Sources */ = {isa = PBXBuildFile; fileRef = 9063255E1D06136100064FC0 /* Alamofire+AuthenticationHeader.swift */; };
		906325611D06146C00064FC0 /* Alamofire+NonSecureConnection.swift in Sources */ = {isa = PBXBuildFile; fileRef = 906325601D06146C00064FC0 /* Alamofire+NonSecureConnection.swift */; };
		90ACA0871DD785B800D67E57 /* Configuration.plist in Resources */ = {isa = PBXBuildFile; fileRef = 90ACA0861DD785B800D67E57 /* Configuration.plist */; };
		90C97D621CF39555002D1EB2 /* AppDelegate.swift in Sources */ = {isa = PBXBuildFile; fileRef = 90C97D611CF39555002D1EB2 /* AppDelegate.swift */; };
		90CFE58F1D0FE3F4005818AA /* Localizable.strings in Resources */ = {isa = PBXBuildFile; fileRef = 90CFE58C1D0FE3F4005818AA /* Localizable.strings */; };
		90CFE5911D0FE409005818AA /* LaunchScreen.storyboard in Resources */ = {isa = PBXBuildFile; fileRef = 90CFE5901D0FE409005818AA /* LaunchScreen.storyboard */; };
		90E050EC1CF856D400A60581 /* ApplicationAssembly.swift in Sources */ = {isa = PBXBuildFile; fileRef = 90E050EB1CF856D400A60581 /* ApplicationAssembly.swift */; };
		90E050EE1CF8579800A60581 /* ViewControllersAssembly.swift in Sources */ = {isa = PBXBuildFile; fileRef = 90E050ED1CF8579800A60581 /* ViewControllersAssembly.swift */; };
/* End PBXBuildFile section */

/* Begin PBXFileReference section */
		06672106674880108809560A /* Pods-gift.developmentlocal.xcconfig */ = {isa = PBXFileReference; includeInIndex = 1; lastKnownFileType = text.xcconfig; name = "Pods-gift.developmentlocal.xcconfig"; path = "Pods/Target Support Files/Pods-gift/Pods-gift.developmentlocal.xcconfig"; sourceTree = "<group>"; };
		5D79C2D5F638CC61B512D0C2 /* Pods-gift.release.xcconfig */ = {isa = PBXFileReference; includeInIndex = 1; lastKnownFileType = text.xcconfig; name = "Pods-gift.release.xcconfig"; path = "Pods/Target Support Files/Pods-gift/Pods-gift.release.xcconfig"; sourceTree = "<group>"; };
		62DD900F167BD9361B4A3CEB /* VenueSearchResultsViewController.swift */ = {isa = PBXFileReference; fileEncoding = 4; lastKnownFileType = sourcecode.swift; path = VenueSearchResultsViewController.swift; sourceTree = "<group>"; };
		62DD9011430B13BE13086750 /* UIImage+Resize.swift */ = {isa = PBXFileReference; fileEncoding = 4; lastKnownFileType = sourcecode.swift; path = "UIImage+Resize.swift"; sourceTree = "<group>"; };
		62DD904EF51D7753E194F161 /* EventDTO.swift */ = {isa = PBXFileReference; fileEncoding = 4; lastKnownFileType = sourcecode.swift; path = EventDTO.swift; sourceTree = "<group>"; };
		62DD905D5180771CAF5C115E /* GiftServiceCoreClient.swift */ = {isa = PBXFileReference; fileEncoding = 4; lastKnownFileType = sourcecode.swift; path = GiftServiceCoreClient.swift; sourceTree = "<group>"; };
		62DD90697725EEECCFEB92CA /* UIVIewController+HideKeyboard.swift */ = {isa = PBXFileReference; fileEncoding = 4; lastKnownFileType = sourcecode.swift; path = "UIVIewController+HideKeyboard.swift"; sourceTree = "<group>"; };
		62DD9069903E3335729CE80E /* String+Initials.swift */ = {isa = PBXFileReference; fileEncoding = 4; lastKnownFileType = sourcecode.swift; path = "String+Initials.swift"; sourceTree = "<group>"; };
		62DD906D8C4506EE9DE566A4 /* Rubik-LightItalic.ttf */ = {isa = PBXFileReference; lastKnownFileType = file.ttf; path = "Rubik-LightItalic.ttf"; sourceTree = "<group>"; };
		62DD9079F00B243015EEAEC1 /* UIFont+GFTAdditions.swift */ = {isa = PBXFileReference; fileEncoding = 4; lastKnownFileType = sourcecode.swift; path = "UIFont+GFTAdditions.swift"; sourceTree = "<group>"; };
		62DD90A09C89F00141448B01 /* Identity.swift */ = {isa = PBXFileReference; fileEncoding = 4; lastKnownFileType = sourcecode.swift; path = Identity.swift; sourceTree = "<group>"; };
		62DD90AAEB142790B7CE0DB7 /* Rubik-Light.ttf */ = {isa = PBXFileReference; lastKnownFileType = file.ttf; path = "Rubik-Light.ttf"; sourceTree = "<group>"; };
		62DD90E975F6E00F64BB05A8 /* Logger.swift */ = {isa = PBXFileReference; fileEncoding = 4; lastKnownFileType = sourcecode.swift; path = Logger.swift; sourceTree = "<group>"; };
		62DD9102957007A013E86E7D /* EmptyTablePlaceholderView.swift */ = {isa = PBXFileReference; fileEncoding = 4; lastKnownFileType = sourcecode.swift; path = EmptyTablePlaceholderView.swift; sourceTree = "<group>"; };
		62DD911ABF431BFA2AE4093F /* AlertViewControllerFactory.swift */ = {isa = PBXFileReference; fileEncoding = 4; lastKnownFileType = sourcecode.swift; path = AlertViewControllerFactory.swift; sourceTree = "<group>"; };
		62DD9123A27B7DF24FA99CFF /* SettingsModalButtonCell.swift */ = {isa = PBXFileReference; fileEncoding = 4; lastKnownFileType = sourcecode.swift; path = SettingsModalButtonCell.swift; sourceTree = "<group>"; };
		62DD9130C3CAEF4EC0C40A80 /* IdentityUpdatedEvent.swift */ = {isa = PBXFileReference; fileEncoding = 4; lastKnownFileType = sourcecode.swift; path = IdentityUpdatedEvent.swift; sourceTree = "<group>"; };
		62DD916D9E7EBEDA22CE3FD0 /* ModelFactory.swift */ = {isa = PBXFileReference; fileEncoding = 4; lastKnownFileType = sourcecode.swift; path = ModelFactory.swift; sourceTree = "<group>"; };
		62DD91DDABC7A451CEE55958 /* Date+String.swift */ = {isa = PBXFileReference; fileEncoding = 4; lastKnownFileType = sourcecode.swift; path = "Date+String.swift"; sourceTree = "<group>"; };
		62DD92750583B29A40E93C7B /* Event.swift */ = {isa = PBXFileReference; fileEncoding = 4; lastKnownFileType = sourcecode.swift; path = Event.swift; sourceTree = "<group>"; };
		62DD927680BFAF91DA0A1546 /* CreateCoupleViewController.swift */ = {isa = PBXFileReference; fileEncoding = 4; lastKnownFileType = sourcecode.swift; path = CreateCoupleViewController.swift; sourceTree = "<group>"; };
		62DD927D423D336622BEF4E8 /* Configuration.swift */ = {isa = PBXFileReference; fileEncoding = 4; lastKnownFileType = sourcecode.swift; path = Configuration.swift; sourceTree = "<group>"; };
		62DD92A41039C73E275441DE /* VenueCell.swift */ = {isa = PBXFileReference; fileEncoding = 4; lastKnownFileType = sourcecode.swift; path = VenueCell.swift; sourceTree = "<group>"; };
		62DD92BFC4FDB443E2047229 /* DeveloperTools.swift */ = {isa = PBXFileReference; fileEncoding = 4; lastKnownFileType = sourcecode.swift; path = DeveloperTools.swift; sourceTree = "<group>"; };
		62DD92C83841E54D1C75F396 /* VenueSearchViewController.swift */ = {isa = PBXFileReference; fileEncoding = 4; lastKnownFileType = sourcecode.swift; path = VenueSearchViewController.swift; sourceTree = "<group>"; };
		62DD92DA6FFC16A8259A5068 /* AvatarView.swift */ = {isa = PBXFileReference; fileEncoding = 4; lastKnownFileType = sourcecode.swift; path = AvatarView.swift; sourceTree = "<group>"; };
		62DD92DB176B36DD2A1062A3 /* Rubik-Black.ttf */ = {isa = PBXFileReference; lastKnownFileType = file.ttf; path = "Rubik-Black.ttf"; sourceTree = "<group>"; };
		62DD92FA3DF68A0F01C25E17 /* Venue.swift */ = {isa = PBXFileReference; fileEncoding = 4; lastKnownFileType = sourcecode.swift; path = Venue.swift; sourceTree = "<group>"; };
		62DD92FF0AACAFE0E94393D9 /* HistoryViewController.swift */ = {isa = PBXFileReference; fileEncoding = 4; lastKnownFileType = sourcecode.swift; path = HistoryViewController.swift; sourceTree = "<group>"; };
		62DD9321CD82D9E653815FF1 /* EventSearchResultsView.swift */ = {isa = PBXFileReference; fileEncoding = 4; lastKnownFileType = sourcecode.swift; path = EventSearchResultsView.swift; sourceTree = "<group>"; };
		62DD933F9FD7A8D365CDA251 /* UserDTO.swift */ = {isa = PBXFileReference; fileEncoding = 4; lastKnownFileType = sourcecode.swift; path = UserDTO.swift; sourceTree = "<group>"; };
		62DD93DEA58E883920317F4E /* EventCell.swift */ = {isa = PBXFileReference; fileEncoding = 4; lastKnownFileType = sourcecode.swift; path = EventCell.swift; sourceTree = "<group>"; };
		62DD94070F713CE65554320E /* ActivityIndicatorView.swift */ = {isa = PBXFileReference; fileEncoding = 4; lastKnownFileType = sourcecode.swift; path = ActivityIndicatorView.swift; sourceTree = "<group>"; };
		62DD940E9839BA2CD2BAC75E /* Rubik-MediumItalic.ttf */ = {isa = PBXFileReference; lastKnownFileType = file.ttf; path = "Rubik-MediumItalic.ttf"; sourceTree = "<group>"; };
		62DD94280673A9DAA87A0427 /* UITableView+HeaderViewAutolayout.swift */ = {isa = PBXFileReference; fileEncoding = 4; lastKnownFileType = sourcecode.swift; path = "UITableView+HeaderViewAutolayout.swift"; sourceTree = "<group>"; };
		62DD945F8DE0880E9CA83583 /* GiftServiceCoreClient+Venue.swift */ = {isa = PBXFileReference; fileEncoding = 4; lastKnownFileType = sourcecode.swift; path = "GiftServiceCoreClient+Venue.swift"; sourceTree = "<group>"; };
		62DD94C064D7F82B98C369EA /* Assets.xcassets */ = {isa = PBXFileReference; lastKnownFileType = folder.assetcatalog; path = Assets.xcassets; sourceTree = "<group>"; };
		62DD95571033DF4534E17B9C /* EditProfileView.swift */ = {isa = PBXFileReference; fileEncoding = 4; lastKnownFileType = sourcecode.swift; path = EditProfileView.swift; sourceTree = "<group>"; };
		62DD9564E93F17761B6F4AFC /* UIColor+GFTAdditions.swift */ = {isa = PBXFileReference; fileEncoding = 4; lastKnownFileType = sourcecode.swift; path = "UIColor+GFTAdditions.swift"; sourceTree = "<group>"; };
		62DD957BEEC00C857F366CD6 /* UIView+Boarders.swift */ = {isa = PBXFileReference; fileEncoding = 4; lastKnownFileType = sourcecode.swift; name = "UIView+Boarders.swift"; path = "../../Utils/Extensions/UIView+Boarders.swift"; sourceTree = "<group>"; };
		62DD95C4729943F1F9F60930 /* VenueSearchView.swift */ = {isa = PBXFileReference; fileEncoding = 4; lastKnownFileType = sourcecode.swift; path = VenueSearchView.swift; sourceTree = "<group>"; };
		62DD9601F44EE34943E71B96 /* PaddedTextField.swift */ = {isa = PBXFileReference; fileEncoding = 4; lastKnownFileType = sourcecode.swift; path = PaddedTextField.swift; sourceTree = "<group>"; };
		62DD9683761B87D7F5524A59 /* CreateCoupleView.swift */ = {isa = PBXFileReference; fileEncoding = 4; lastKnownFileType = sourcecode.swift; path = CreateCoupleView.swift; sourceTree = "<group>"; };
		62DD968E1B266F84D407708A /* Info.plist */ = {isa = PBXFileReference; fileEncoding = 4; lastKnownFileType = text.plist.info; path = Info.plist; sourceTree = "<group>"; };
		62DD96AE359135B835F65F77 /* Rubik-Medium.ttf */ = {isa = PBXFileReference; lastKnownFileType = file.ttf; path = "Rubik-Medium.ttf"; sourceTree = "<group>"; };
		62DD96B86362864AAAD81D97 /* LocationManager.swift */ = {isa = PBXFileReference; fileEncoding = 4; lastKnownFileType = sourcecode.swift; path = LocationManager.swift; sourceTree = "<group>"; };
		62DD96BEFA4C03B19339F95F /* WelcomeViewController.swift */ = {isa = PBXFileReference; fileEncoding = 4; lastKnownFileType = sourcecode.swift; path = WelcomeViewController.swift; sourceTree = "<group>"; };
		62DD96C09206DE7F827740B9 /* UIView+RoundedCorenersAndBaorder.swift */ = {isa = PBXFileReference; fileEncoding = 4; lastKnownFileType = sourcecode.swift; path = "UIView+RoundedCorenersAndBaorder.swift"; sourceTree = "<group>"; };
		62DD96F030DD1E9FD640F5C2 /* EventSearchView.swift */ = {isa = PBXFileReference; fileEncoding = 4; lastKnownFileType = sourcecode.swift; path = EventSearchView.swift; sourceTree = "<group>"; };
		62DD97A07AF78A3FAB5D9D85 /* Alamofire+OptionalParameter.swift */ = {isa = PBXFileReference; fileEncoding = 4; lastKnownFileType = sourcecode.swift; path = "Alamofire+OptionalParameter.swift"; sourceTree = "<group>"; };
		62DD97AB2B4D309BA2241060 /* GiftServiceCoreClient+Event.swift */ = {isa = PBXFileReference; fileEncoding = 4; lastKnownFileType = sourcecode.swift; path = "GiftServiceCoreClient+Event.swift"; sourceTree = "<group>"; };
		62DD981BFB745FF000A6EE9E /* User.swift */ = {isa = PBXFileReference; fileEncoding = 4; lastKnownFileType = sourcecode.swift; path = User.swift; sourceTree = "<group>"; };
		62DD9826702EABC276EC9D84 /* Rubik-BlackItalic.ttf */ = {isa = PBXFileReference; lastKnownFileType = file.ttf; path = "Rubik-BlackItalic.ttf"; sourceTree = "<group>"; };
		62DD98B5C1BE67CEC1521AE5 /* ContactDetailsView.swift */ = {isa = PBXFileReference; fileEncoding = 4; lastKnownFileType = sourcecode.swift; path = ContactDetailsView.swift; sourceTree = "<group>"; };
		62DD98CC1772A641A37459C2 /* Rubik-Bold.ttf */ = {isa = PBXFileReference; lastKnownFileType = file.ttf; path = "Rubik-Bold.ttf"; sourceTree = "<group>"; };
		62DD98E6DA7C6B77CD73BF8E /* didLoggedOutEvent.swift */ = {isa = PBXFileReference; fileEncoding = 4; lastKnownFileType = sourcecode.swift; path = didLoggedOutEvent.swift; sourceTree = "<group>"; };
		62DD9900EBB0861053EA469F /* HomeViewController.swift */ = {isa = PBXFileReference; fileEncoding = 4; lastKnownFileType = sourcecode.swift; path = HomeViewController.swift; sourceTree = "<group>"; };
		62DD9926D28B99D8926DBF31 /* MainTabViewController.swift */ = {isa = PBXFileReference; fileEncoding = 4; lastKnownFileType = sourcecode.swift; path = MainTabViewController.swift; sourceTree = "<group>"; };
		62DD9930482A4AA9CFCA8758 /* SettingsPushButtonCell.swift */ = {isa = PBXFileReference; fileEncoding = 4; lastKnownFileType = sourcecode.swift; path = SettingsPushButtonCell.swift; sourceTree = "<group>"; };
		62DD995503C45636206650A9 /* Rubik-Regular.ttf */ = {isa = PBXFileReference; lastKnownFileType = file.ttf; path = "Rubik-Regular.ttf"; sourceTree = "<group>"; };
		62DD9999B81F2E3121557C89 /* GiftServiceCoreClient+Authentication.swift */ = {isa = PBXFileReference; fileEncoding = 4; lastKnownFileType = sourcecode.swift; path = "GiftServiceCoreClient+Authentication.swift"; sourceTree = "<group>"; };
		62DD9A6237ABF7971B32AD88 /* DTOBase.swift */ = {isa = PBXFileReference; fileEncoding = 4; lastKnownFileType = sourcecode.swift; path = DTOBase.swift; sourceTree = "<group>"; };
		62DD9A6D9B7E734EC492CBA2 /* UserService.swift */ = {isa = PBXFileReference; fileEncoding = 4; lastKnownFileType = sourcecode.swift; path = UserService.swift; sourceTree = "<group>"; };
		62DD9A7A25123C4F971FB553 /* CoreComponentsAssembly.swift */ = {isa = PBXFileReference; fileEncoding = 4; lastKnownFileType = sourcecode.swift; path = CoreComponentsAssembly.swift; sourceTree = "<group>"; };
		62DD9AAF92BB5D7CEBA634B3 /* FacebookClient.swift */ = {isa = PBXFileReference; fileEncoding = 4; lastKnownFileType = sourcecode.swift; path = FacebookClient.swift; sourceTree = "<group>"; };
		62DD9AD0A6DBA69826DFDE1A /* VenueSearchResultsView.swift */ = {isa = PBXFileReference; fileEncoding = 4; lastKnownFileType = sourcecode.swift; path = VenueSearchResultsView.swift; sourceTree = "<group>"; };
		62DD9AE52059F22CAED65099 /* VenueService.swift */ = {isa = PBXFileReference; fileEncoding = 4; lastKnownFileType = sourcecode.swift; path = VenueService.swift; sourceTree = "<group>"; };
		62DD9B951D76394291709BEF /* SettingsViewController.swift */ = {isa = PBXFileReference; fileEncoding = 4; lastKnownFileType = sourcecode.swift; path = SettingsViewController.swift; sourceTree = "<group>"; };
		62DD9B97A036A205663A075C /* Rubik-BoldItalic.ttf */ = {isa = PBXFileReference; lastKnownFileType = file.ttf; path = "Rubik-BoldItalic.ttf"; sourceTree = "<group>"; };
		62DD9BD12B68127AE765C9A5 /* EditProfileViewController.swift */ = {isa = PBXFileReference; fileEncoding = 4; lastKnownFileType = sourcecode.swift; path = EditProfileViewController.swift; sourceTree = "<group>"; };
		62DD9BDE9C543FC466124348 /* GiftServiceCoreClient+User.swift */ = {isa = PBXFileReference; fileEncoding = 4; lastKnownFileType = sourcecode.swift; path = "GiftServiceCoreClient+User.swift"; sourceTree = "<group>"; };
		62DD9BE5D4499260BCC9B035 /* WelcomeView.swift */ = {isa = PBXFileReference; fileEncoding = 4; lastKnownFileType = sourcecode.swift; path = WelcomeView.swift; sourceTree = "<group>"; };
		62DD9BE7C6E1431E0790CA36 /* AvatarViewController.swift */ = {isa = PBXFileReference; fileEncoding = 4; lastKnownFileType = sourcecode.swift; path = AvatarViewController.swift; sourceTree = "<group>"; };
		62DD9BEC0EBD96E7583F94ED /* Alamofire+CollectionRequestParamEncoding.swift */ = {isa = PBXFileReference; fileEncoding = 4; lastKnownFileType = sourcecode.swift; path = "Alamofire+CollectionRequestParamEncoding.swift"; sourceTree = "<group>"; };
		62DD9BF77C898E54A0867FFB /* Launcher.swift */ = {isa = PBXFileReference; fileEncoding = 4; lastKnownFileType = sourcecode.swift; path = Launcher.swift; sourceTree = "<group>"; };
		62DD9BF7EAD739DE5EC8A9A3 /* TokenDTO.swift */ = {isa = PBXFileReference; fileEncoding = 4; lastKnownFileType = sourcecode.swift; path = TokenDTO.swift; sourceTree = "<group>"; };
		62DD9C359846AD68A469D2FB /* EventSearchViewController.swift */ = {isa = PBXFileReference; fileEncoding = 4; lastKnownFileType = sourcecode.swift; path = EventSearchViewController.swift; sourceTree = "<group>"; };
		62DD9C4FB058E706239A19C0 /* DistanceUnitUtils.swift */ = {isa = PBXFileReference; fileEncoding = 4; lastKnownFileType = sourcecode.swift; path = DistanceUnitUtils.swift; sourceTree = "<group>"; };
		62DD9C6200ED10C414BAC4E2 /* String+Localized.swift */ = {isa = PBXFileReference; fileEncoding = 4; lastKnownFileType = sourcecode.swift; path = "String+Localized.swift"; sourceTree = "<group>"; };
		62DD9C9EEBBD233B9F8904F2 /* LocationUtils.swift */ = {isa = PBXFileReference; fileEncoding = 4; lastKnownFileType = sourcecode.swift; path = LocationUtils.swift; sourceTree = "<group>"; };
		62DD9CA30948BAAE79B33FB2 /* String+PhoneNumber.swift */ = {isa = PBXFileReference; fileEncoding = 4; lastKnownFileType = sourcecode.swift; path = "String+PhoneNumber.swift"; sourceTree = "<group>"; };
		62DD9CAB5B2E629F2856BFEF /* SettingsView.swift */ = {isa = PBXFileReference; fileEncoding = 4; lastKnownFileType = sourcecode.swift; path = SettingsView.swift; sourceTree = "<group>"; };
		62DD9CB2555016D1A32A6455 /* AnimatedTextField.swift */ = {isa = PBXFileReference; fileEncoding = 4; lastKnownFileType = sourcecode.swift; path = AnimatedTextField.swift; sourceTree = "<group>"; };
		62DD9CEBA328FC53A1BC1A1A /* EventService.swift */ = {isa = PBXFileReference; fileEncoding = 4; lastKnownFileType = sourcecode.swift; path = EventService.swift; sourceTree = "<group>"; };
		62DD9D00501EAF670C8655E0 /* VenueDTO.swift */ = {isa = PBXFileReference; fileEncoding = 4; lastKnownFileType = sourcecode.swift; path = VenueDTO.swift; sourceTree = "<group>"; };
		62DD9D1A2DCF726EAD0D7127 /* AppRoute.swift */ = {isa = PBXFileReference; fileEncoding = 4; lastKnownFileType = sourcecode.swift; path = AppRoute.swift; sourceTree = "<group>"; };
		62DD9D2877E6B94D4BD579FE /* SendGiftButton.swift */ = {isa = PBXFileReference; fileEncoding = 4; lastKnownFileType = sourcecode.swift; path = SendGiftButton.swift; sourceTree = "<group>"; };
		62DD9D2FFB2E8A4F4986C0D3 /* HomeView.swift */ = {isa = PBXFileReference; fileEncoding = 4; lastKnownFileType = sourcecode.swift; path = HomeView.swift; sourceTree = "<group>"; };
		62DD9D5D2F61AD9658FD7343 /* Rubik-Italic.ttf */ = {isa = PBXFileReference; lastKnownFileType = file.ttf; path = "Rubik-Italic.ttf"; sourceTree = "<group>"; };
		62DD9DA502C877CD334A3C0E /* ModelBase.swift */ = {isa = PBXFileReference; fileEncoding = 4; lastKnownFileType = sourcecode.swift; path = ModelBase.swift; sourceTree = "<group>"; };
		62DD9DCA03503B4293DAD836 /* LoginViewController.swift */ = {isa = PBXFileReference; fileEncoding = 4; lastKnownFileType = sourcecode.swift; path = LoginViewController.swift; sourceTree = "<group>"; };
		62DD9DDA4189BDA4BA4C6F9C /* VerificaionCodeViewController.swift */ = {isa = PBXFileReference; fileEncoding = 4; lastKnownFileType = sourcecode.swift; path = VerificaionCodeViewController.swift; sourceTree = "<group>"; };
		62DD9E5D14E612ACF6F08E58 /* AuthenticationService.swift */ = {isa = PBXFileReference; fileEncoding = 4; lastKnownFileType = sourcecode.swift; path = AuthenticationService.swift; sourceTree = "<group>"; };
		62DD9E697C2FC367B1CFFC03 /* EventSearchResultsViewController.swift */ = {isa = PBXFileReference; fileEncoding = 4; lastKnownFileType = sourcecode.swift; path = EventSearchResultsViewController.swift; sourceTree = "<group>"; };
		62DD9E80633CF07DC9361AB8 /* VerificationCodeView.swift */ = {isa = PBXFileReference; fileEncoding = 4; lastKnownFileType = sourcecode.swift; path = VerificationCodeView.swift; sourceTree = "<group>"; };
		62DD9F0225584711E507EE8E /* LoginView.swift */ = {isa = PBXFileReference; fileEncoding = 4; lastKnownFileType = sourcecode.swift; path = LoginView.swift; sourceTree = "<group>"; };
		62DD9F6FFC8BB226EE49CA93 /* JSON+Date.swift */ = {isa = PBXFileReference; fileEncoding = 4; lastKnownFileType = sourcecode.swift; path = "JSON+Date.swift"; sourceTree = "<group>"; };
		62DD9F8F34EE1BCA6206134E /* String+Email.swift */ = {isa = PBXFileReference; fileEncoding = 4; lastKnownFileType = sourcecode.swift; path = "String+Email.swift"; sourceTree = "<group>"; };
		62DD9FA43BF8507919CDF443 /* BigButton.swift */ = {isa = PBXFileReference; fileEncoding = 4; lastKnownFileType = sourcecode.swift; path = BigButton.swift; sourceTree = "<group>"; };
		62DD9FDA56C9CA5D03D51112 /* SettingsProfileDetailsCell.swift */ = {isa = PBXFileReference; fileEncoding = 4; lastKnownFileType = sourcecode.swift; path = SettingsProfileDetailsCell.swift; sourceTree = "<group>"; };
		7BF5A3F31FFCAB998931CCB4 /* Pods-gift.debug.xcconfig */ = {isa = PBXFileReference; includeInIndex = 1; lastKnownFileType = text.xcconfig; name = "Pods-gift.debug.xcconfig"; path = "Pods/Target Support Files/Pods-gift/Pods-gift.debug.xcconfig"; sourceTree = "<group>"; };
		901A5F6D1CF78654008C5E52 /* Token.swift */ = {isa = PBXFileReference; fileEncoding = 4; lastKnownFileType = sourcecode.swift; path = Token.swift; sourceTree = "<group>"; };
		9036AD0B1D953CC1007D6206 /* he */ = {isa = PBXFileReference; lastKnownFileType = text.plist.strings; name = he; path = he.lproj/InfoPlist.strings; sourceTree = "<group>"; };
		9063255E1D06136100064FC0 /* Alamofire+AuthenticationHeader.swift */ = {isa = PBXFileReference; fileEncoding = 4; lastKnownFileType = sourcecode.swift; path = "Alamofire+AuthenticationHeader.swift"; sourceTree = "<group>"; };
		906325601D06146C00064FC0 /* Alamofire+NonSecureConnection.swift */ = {isa = PBXFileReference; fileEncoding = 4; lastKnownFileType = sourcecode.swift; path = "Alamofire+NonSecureConnection.swift"; sourceTree = "<group>"; };
		90ACA0861DD785B800D67E57 /* Configuration.plist */ = {isa = PBXFileReference; fileEncoding = 4; lastKnownFileType = text.plist.xml; path = Configuration.plist; sourceTree = "<group>"; };
		90C97D5E1CF39555002D1EB2 /* gift.app */ = {isa = PBXFileReference; explicitFileType = wrapper.application; includeInIndex = 0; path = gift.app; sourceTree = BUILT_PRODUCTS_DIR; };
		90C97D611CF39555002D1EB2 /* AppDelegate.swift */ = {isa = PBXFileReference; lastKnownFileType = sourcecode.swift; path = AppDelegate.swift; sourceTree = "<group>"; };
		90CFE58E1D0FE3F4005818AA /* he */ = {isa = PBXFileReference; lastKnownFileType = text.plist.strings; name = he; path = he.lproj/Localizable.strings; sourceTree = "<group>"; };
		90CFE5901D0FE409005818AA /* LaunchScreen.storyboard */ = {isa = PBXFileReference; fileEncoding = 4; lastKnownFileType = file.storyboard; path = LaunchScreen.storyboard; sourceTree = "<group>"; };
		90E050EB1CF856D400A60581 /* ApplicationAssembly.swift */ = {isa = PBXFileReference; fileEncoding = 4; lastKnownFileType = sourcecode.swift; path = ApplicationAssembly.swift; sourceTree = "<group>"; };
		90E050ED1CF8579800A60581 /* ViewControllersAssembly.swift */ = {isa = PBXFileReference; fileEncoding = 4; lastKnownFileType = sourcecode.swift; path = ViewControllersAssembly.swift; sourceTree = "<group>"; };
		90ED0EC31D91DECA0070D27C /* gift.entitlements */ = {isa = PBXFileReference; lastKnownFileType = text.plist.entitlements; path = gift.entitlements; sourceTree = "<group>"; };
		9AD7A40C6C8FE6174D5DD9B9 /* Pods-gift.production.xcconfig */ = {isa = PBXFileReference; includeInIndex = 1; lastKnownFileType = text.xcconfig; name = "Pods-gift.production.xcconfig"; path = "Pods/Target Support Files/Pods-gift/Pods-gift.production.xcconfig"; sourceTree = "<group>"; };
		BEF99795085D1F08F70CC0EB /* Pods_gift.framework */ = {isa = PBXFileReference; explicitFileType = wrapper.framework; includeInIndex = 0; path = Pods_gift.framework; sourceTree = BUILT_PRODUCTS_DIR; };
		C1CE31C58D1767F9B982AE94 /* Pods-gift.development.xcconfig */ = {isa = PBXFileReference; includeInIndex = 1; lastKnownFileType = text.xcconfig; name = "Pods-gift.development.xcconfig"; path = "Pods/Target Support Files/Pods-gift/Pods-gift.development.xcconfig"; sourceTree = "<group>"; };
/* End PBXFileReference section */

/* Begin PBXFrameworksBuildPhase section */
		90C97D5B1CF39555002D1EB2 /* Frameworks */ = {
			isa = PBXFrameworksBuildPhase;
			buildActionMask = 2147483647;
			files = (
				06B6CB863DC33BE1453207B8 /* Pods_gift.framework in Frameworks */,
			);
			runOnlyForDeploymentPostprocessing = 0;
		};
/* End PBXFrameworksBuildPhase section */

/* Begin PBXGroup section */
		1719FAF4BBD6C76790B74ED1 /* Pods */ = {
			isa = PBXGroup;
			children = (
				7BF5A3F31FFCAB998931CCB4 /* Pods-gift.debug.xcconfig */,
				5D79C2D5F638CC61B512D0C2 /* Pods-gift.release.xcconfig */,
				C1CE31C58D1767F9B982AE94 /* Pods-gift.development.xcconfig */,
				06672106674880108809560A /* Pods-gift.developmentlocal.xcconfig */,
				9AD7A40C6C8FE6174D5DD9B9 /* Pods-gift.production.xcconfig */,
			);
			name = Pods;
			sourceTree = "<group>";
		};
		2743E59D6794CAD6C1132ECE /* Frameworks */ = {
			isa = PBXGroup;
			children = (
				BEF99795085D1F08F70CC0EB /* Pods_gift.framework */,
			);
			name = Frameworks;
			sourceTree = "<group>";
		};
		62DD90097E0E8DAFCC0CDD1F /* DeveloperTools */ = {
			isa = PBXGroup;
			children = (
				62DD92BFC4FDB443E2047229 /* DeveloperTools.swift */,
			);
			path = DeveloperTools;
			sourceTree = "<group>";
		};
		62DD9029D8D9740C84A99A3E /* Extensions */ = {
			isa = PBXGroup;
			children = (
				62DD9079F00B243015EEAEC1 /* UIFont+GFTAdditions.swift */,
				62DD9564E93F17761B6F4AFC /* UIColor+GFTAdditions.swift */,
				62DD957BEEC00C857F366CD6 /* UIView+Boarders.swift */,
				62DD94280673A9DAA87A0427 /* UITableView+HeaderViewAutolayout.swift */,
				62DD90697725EEECCFEB92CA /* UIVIewController+HideKeyboard.swift */,
				62DD96C09206DE7F827740B9 /* UIView+RoundedCorenersAndBaorder.swift */,
			);
			path = Extensions;
			sourceTree = "<group>";
		};
		62DD9094D01EB0A3BC318D86 /* History */ = {
			isa = PBXGroup;
			children = (
				62DD92FF0AACAFE0E94393D9 /* HistoryViewController.swift */,
			);
			path = History;
			sourceTree = "<group>";
		};
		62DD90CB1E046E87ABC0D451 /* Authentication */ = {
			isa = PBXGroup;
			children = (
				62DD90A09C89F00141448B01 /* Identity.swift */,
			);
			path = Authentication;
			sourceTree = "<group>";
		};
		62DD90E046CAB18A085E82F5 /* Home */ = {
			isa = PBXGroup;
			children = (
				62DD9900EBB0861053EA469F /* HomeViewController.swift */,
				62DD9BCC9C7A0EDEC556A508 /* Views */,
			);
			path = Home;
			sourceTree = "<group>";
		};
		62DD91612DA4B7559E201DFD /* Facebook */ = {
			isa = PBXGroup;
			children = (
				62DD9AAF92BB5D7CEBA634B3 /* FacebookClient.swift */,
			);
			path = Facebook;
			sourceTree = "<group>";
		};
		62DD916B1345DC58F4D883D0 /* Fonts */ = {
			isa = PBXGroup;
			children = (
				62DD92DB176B36DD2A1062A3 /* Rubik-Black.ttf */,
				62DD9826702EABC276EC9D84 /* Rubik-BlackItalic.ttf */,
				62DD98CC1772A641A37459C2 /* Rubik-Bold.ttf */,
				62DD9B97A036A205663A075C /* Rubik-BoldItalic.ttf */,
				62DD9D5D2F61AD9658FD7343 /* Rubik-Italic.ttf */,
				62DD90AAEB142790B7CE0DB7 /* Rubik-Light.ttf */,
				62DD906D8C4506EE9DE566A4 /* Rubik-LightItalic.ttf */,
				62DD96AE359135B835F65F77 /* Rubik-Medium.ttf */,
				62DD940E9839BA2CD2BAC75E /* Rubik-MediumItalic.ttf */,
				62DD995503C45636206650A9 /* Rubik-Regular.ttf */,
			);
			path = Fonts;
			sourceTree = "<group>";
		};
		62DD91A7DF7AA3411A23E33C /* DI */ = {
			isa = PBXGroup;
			children = (
				62DD9A7A25123C4F971FB553 /* CoreComponentsAssembly.swift */,
				90E050EB1CF856D400A60581 /* ApplicationAssembly.swift */,
				90E050ED1CF8579800A60581 /* ViewControllersAssembly.swift */,
			);
			path = DI;
			sourceTree = "<group>";
		};
		62DD92814ED792E0BAFBC1FA /* Views */ = {
			isa = PBXGroup;
			children = (
				62DD9BE5D4499260BCC9B035 /* WelcomeView.swift */,
			);
			path = Views;
			sourceTree = "<group>";
		};
		62DD9345A856973CC27AB42A /* Views */ = {
			isa = PBXGroup;
			children = (
				62DD95571033DF4534E17B9C /* EditProfileView.swift */,
			);
			path = Views;
			sourceTree = "<group>";
		};
		62DD934BCCD9BD7D22422E01 /* Alert */ = {
			isa = PBXGroup;
			children = (
				62DD911ABF431BFA2AE4093F /* AlertViewControllerFactory.swift */,
			);
			path = Alert;
			sourceTree = "<group>";
		};
		62DD9397360AF03736644421 /* Model */ = {
			isa = PBXGroup;
			children = (
				62DD981BFB745FF000A6EE9E /* User.swift */,
				62DD9DA502C877CD334A3C0E /* ModelBase.swift */,
				901A5F6D1CF78654008C5E52 /* Token.swift */,
				62DD92750583B29A40E93C7B /* Event.swift */,
				62DD92FA3DF68A0F01C25E17 /* Venue.swift */,
			);
			path = Model;
			sourceTree = "<group>";
		};
		62DD93E49213F9BB8C70460C /* Views */ = {
			isa = PBXGroup;
			children = (
				62DD9FA43BF8507919CDF443 /* BigButton.swift */,
				62DD94070F713CE65554320E /* ActivityIndicatorView.swift */,
				62DD9601F44EE34943E71B96 /* PaddedTextField.swift */,
				62DD9CB2555016D1A32A6455 /* AnimatedTextField.swift */,
				62DD9102957007A013E86E7D /* EmptyTablePlaceholderView.swift */,
			);
			path = Views;
			sourceTree = "<group>";
		};
		62DD9499322AFDEB38BB2712 /* Settings */ = {
			isa = PBXGroup;
			children = (
				62DD9B951D76394291709BEF /* SettingsViewController.swift */,
				62DD9C5E666DA0C59F5F3529 /* Views */,
			);
			path = Settings;
			sourceTree = "<group>";
		};
		62DD951E346FE376AAF63BF4 /* Views */ = {
			isa = PBXGroup;
			children = (
				62DD9683761B87D7F5524A59 /* CreateCoupleView.swift */,
				62DD98B5C1BE67CEC1521AE5 /* ContactDetailsView.swift */,
			);
			path = Views;
			sourceTree = "<group>";
		};
		62DD9547D1A13053D5C91CB4 /* Views */ = {
			isa = PBXGroup;
			children = (
				62DD9F0225584711E507EE8E /* LoginView.swift */,
				62DD9E80633CF07DC9361AB8 /* VerificationCodeView.swift */,
			);
			path = Views;
			sourceTree = "<group>";
		};
		62DD9552B56D3889065666E6 /* Welcome */ = {
			isa = PBXGroup;
			children = (
				62DD96BEFA4C03B19339F95F /* WelcomeViewController.swift */,
				62DD92814ED792E0BAFBC1FA /* Views */,
			);
			path = Welcome;
			sourceTree = "<group>";
		};
		62DD957C40192F22AAE22677 /* Avatar */ = {
			isa = PBXGroup;
			children = (
				62DD9BE7C6E1431E0790CA36 /* AvatarViewController.swift */,
				62DD92DA6FFC16A8259A5068 /* AvatarView.swift */,
			);
			path = Avatar;
			sourceTree = "<group>";
		};
		62DD966148FE0A4AEF6FDCFB /* Events */ = {
			isa = PBXGroup;
			children = (
				62DD9130C3CAEF4EC0C40A80 /* IdentityUpdatedEvent.swift */,
				62DD98E6DA7C6B77CD73BF8E /* didLoggedOutEvent.swift */,
			);
			path = Events;
			sourceTree = "<group>";
		};
		62DD96973C6D0E1F7CD55345 /* Utils */ = {
			isa = PBXGroup;
			children = (
				62DD989C6EC9782DDAF6D696 /* Extensions */,
				62DD9C9EEBBD233B9F8904F2 /* LocationUtils.swift */,
				62DD9C4FB058E706239A19C0 /* DistanceUnitUtils.swift */,
			);
			path = Utils;
			sourceTree = "<group>";
		};
		62DD97A94156DA79EB7B6382 /* Login */ = {
			isa = PBXGroup;
			children = (
				62DD9DCA03503B4293DAD836 /* LoginViewController.swift */,
				62DD9547D1A13053D5C91CB4 /* Views */,
				62DD9DDA4189BDA4BA4C6F9C /* VerificaionCodeViewController.swift */,
			);
			path = Login;
			sourceTree = "<group>";
		};
		62DD97B0F8F3C99C4CB8CABB /* AppRoute */ = {
			isa = PBXGroup;
			children = (
				62DD9D1A2DCF726EAD0D7127 /* AppRoute.swift */,
			);
			path = AppRoute;
			sourceTree = "<group>";
		};
		62DD97B1C587EBF739B1064D /* Launcher */ = {
			isa = PBXGroup;
			children = (
				62DD9BF77C898E54A0867FFB /* Launcher.swift */,
			);
			path = Launcher;
			sourceTree = "<group>";
		};
		62DD97F79DB55AE8082DE02A /* Components */ = {
			isa = PBXGroup;
			children = (
				62DD90CB1E046E87ABC0D451 /* Authentication */,
				62DD91612DA4B7559E201DFD /* Facebook */,
				62DD9E6ED7C24DFEA97CBED9 /* GiftService */,
				62DD97B0F8F3C99C4CB8CABB /* AppRoute */,
				62DD97B1C587EBF739B1064D /* Launcher */,
				62DD9EF19992D2F658ADD2DA /* Log */,
				62DD98120A5E16EA5FC5C0AE /* Configuration */,
				62DD90097E0E8DAFCC0CDD1F /* DeveloperTools */,
				62DD9BAE4BE07E0563A57CB8 /* Location */,
				62DD98AA127DB124A9DEC56A /* Services */,
				62DD9A6C4B3AF4F53C301C88 /* ModelFactory */,
			);
			path = Components;
			sourceTree = "<group>";
		};
		62DD98120A5E16EA5FC5C0AE /* Configuration */ = {
			isa = PBXGroup;
			children = (
				62DD927D423D336622BEF4E8 /* Configuration.swift */,
			);
			path = Configuration;
			sourceTree = "<group>";
		};
		62DD989C6EC9782DDAF6D696 /* Extensions */ = {
			isa = PBXGroup;
			children = (
				9063255E1D06136100064FC0 /* Alamofire+AuthenticationHeader.swift */,
				906325601D06146C00064FC0 /* Alamofire+NonSecureConnection.swift */,
				62DD97A07AF78A3FAB5D9D85 /* Alamofire+OptionalParameter.swift */,
				62DD9C6200ED10C414BAC4E2 /* String+Localized.swift */,
				62DD9CA30948BAAE79B33FB2 /* String+PhoneNumber.swift */,
				62DD9F8F34EE1BCA6206134E /* String+Email.swift */,
				62DD9F6FFC8BB226EE49CA93 /* JSON+Date.swift */,
				62DD9011430B13BE13086750 /* UIImage+Resize.swift */,
				62DD9069903E3335729CE80E /* String+Initials.swift */,
				62DD91DDABC7A451CEE55958 /* Date+String.swift */,
				62DD9BEC0EBD96E7583F94ED /* Alamofire+CollectionRequestParamEncoding.swift */,
			);
			path = Extensions;
			sourceTree = "<group>";
		};
		62DD98AA127DB124A9DEC56A /* Services */ = {
			isa = PBXGroup;
			children = (
				62DD9CEBA328FC53A1BC1A1A /* EventService.swift */,
				62DD9AE52059F22CAED65099 /* VenueService.swift */,
				62DD9E5D14E612ACF6F08E58 /* AuthenticationService.swift */,
				62DD9A6D9B7E734EC492CBA2 /* UserService.swift */,
			);
			path = Services;
			sourceTree = "<group>";
		};
		62DD98EF75F61EC746DE09E6 /* UI */ = {
			isa = PBXGroup;
			children = (
				62DD9029D8D9740C84A99A3E /* Extensions */,
				62DD93E49213F9BB8C70460C /* Views */,
			);
			path = UI;
			sourceTree = "<group>";
		};
		62DD993D16D479E728016116 /* EditProfile */ = {
			isa = PBXGroup;
			children = (
				62DD9BD12B68127AE765C9A5 /* EditProfileViewController.swift */,
				62DD9345A856973CC27AB42A /* Views */,
				62DD957C40192F22AAE22677 /* Avatar */,
			);
			path = EditProfile;
			sourceTree = "<group>";
		};
		62DD9951C2969FE50B632D57 /* DTO */ = {
			isa = PBXGroup;
			children = (
				62DD9A6237ABF7971B32AD88 /* DTOBase.swift */,
				62DD904EF51D7753E194F161 /* EventDTO.swift */,
				62DD9D00501EAF670C8655E0 /* VenueDTO.swift */,
				62DD933F9FD7A8D365CDA251 /* UserDTO.swift */,
				62DD9BF7EAD739DE5EC8A9A3 /* TokenDTO.swift */,
			);
			path = DTO;
			sourceTree = "<group>";
		};
		62DD99FDCB3E9A529E2923A4 /* Views */ = {
			isa = PBXGroup;
			children = (
				62DD96F030DD1E9FD640F5C2 /* EventSearchView.swift */,
				62DD93DEA58E883920317F4E /* EventCell.swift */,
				62DD9321CD82D9E653815FF1 /* EventSearchResultsView.swift */,
			);
			path = Views;
			sourceTree = "<group>";
		};
		62DD9A371EDF67EF0E4A3478 /* VenueSearch */ = {
			isa = PBXGroup;
			children = (
				62DD9A6A376DADF0A7324786 /* Views */,
				62DD92C83841E54D1C75F396 /* VenueSearchViewController.swift */,
				62DD900F167BD9361B4A3CEB /* VenueSearchResultsViewController.swift */,
			);
			path = VenueSearch;
			sourceTree = "<group>";
		};
		62DD9A6A376DADF0A7324786 /* Views */ = {
			isa = PBXGroup;
			children = (
				62DD95C4729943F1F9F60930 /* VenueSearchView.swift */,
				62DD9AD0A6DBA69826DFDE1A /* VenueSearchResultsView.swift */,
				62DD92A41039C73E275441DE /* VenueCell.swift */,
			);
			path = Views;
			sourceTree = "<group>";
		};
		62DD9A6C4B3AF4F53C301C88 /* ModelFactory */ = {
			isa = PBXGroup;
			children = (
				62DD916D9E7EBEDA22CE3FD0 /* ModelFactory.swift */,
			);
			path = ModelFactory;
			sourceTree = "<group>";
		};
		62DD9B5AC2C287C4DA25016D /* CreateCouple */ = {
			isa = PBXGroup;
			children = (
				62DD927680BFAF91DA0A1546 /* CreateCoupleViewController.swift */,
				62DD951E346FE376AAF63BF4 /* Views */,
			);
			path = CreateCouple;
			sourceTree = "<group>";
		};
		62DD9BAE4BE07E0563A57CB8 /* Location */ = {
			isa = PBXGroup;
			children = (
				62DD96B86362864AAAD81D97 /* LocationManager.swift */,
			);
			path = Location;
			sourceTree = "<group>";
		};
		62DD9BCC9C7A0EDEC556A508 /* Views */ = {
			isa = PBXGroup;
			children = (
				62DD9D2FFB2E8A4F4986C0D3 /* HomeView.swift */,
				62DD9D2877E6B94D4BD579FE /* SendGiftButton.swift */,
			);
			path = Views;
			sourceTree = "<group>";
		};
		62DD9BEA5EAA58B8D36CB414 /* SupportingFiles */ = {
			isa = PBXGroup;
			children = (
				90CFE58B1D0FE3F4005818AA /* Strings */,
				62DD94C064D7F82B98C369EA /* Assets.xcassets */,
				62DD968E1B266F84D407708A /* Info.plist */,
				62DD916B1345DC58F4D883D0 /* Fonts */,
				90ACA0861DD785B800D67E57 /* Configuration.plist */,
			);
			path = SupportingFiles;
			sourceTree = "<group>";
		};
		62DD9C121FC337B3D2B039CD /* EventSearch */ = {
			isa = PBXGroup;
			children = (
				62DD9C359846AD68A469D2FB /* EventSearchViewController.swift */,
				62DD99FDCB3E9A529E2923A4 /* Views */,
				62DD9E697C2FC367B1CFFC03 /* EventSearchResultsViewController.swift */,
			);
			path = EventSearch;
			sourceTree = "<group>";
		};
		62DD9C5E666DA0C59F5F3529 /* Views */ = {
			isa = PBXGroup;
			children = (
				62DD9CAB5B2E629F2856BFEF /* SettingsView.swift */,
				62DD9FDA56C9CA5D03D51112 /* SettingsProfileDetailsCell.swift */,
				62DD9930482A4AA9CFCA8758 /* SettingsPushButtonCell.swift */,
				62DD9123A27B7DF24FA99CFF /* SettingsModalButtonCell.swift */,
			);
			path = Views;
			sourceTree = "<group>";
		};
		62DD9D427D540E98FD4D243A /* Controllers */ = {
			isa = PBXGroup;
			children = (
				62DD97A94156DA79EB7B6382 /* Login */,
				62DD9F4907CB3FA89BFE7AED /* Tab */,
				62DD993D16D479E728016116 /* EditProfile */,
				62DD90E046CAB18A085E82F5 /* Home */,
				62DD9094D01EB0A3BC318D86 /* History */,
				62DD9499322AFDEB38BB2712 /* Settings */,
				62DD9552B56D3889065666E6 /* Welcome */,
				62DD934BCCD9BD7D22422E01 /* Alert */,
				62DD9C121FC337B3D2B039CD /* EventSearch */,
				62DD9A371EDF67EF0E4A3478 /* VenueSearch */,
				62DD9B5AC2C287C4DA25016D /* CreateCouple */,
			);
			path = Controllers;
			sourceTree = "<group>";
		};
		62DD9E6ED7C24DFEA97CBED9 /* GiftService */ = {
			isa = PBXGroup;
			children = (
				62DD905D5180771CAF5C115E /* GiftServiceCoreClient.swift */,
				62DD9951C2969FE50B632D57 /* DTO */,
				62DD9999B81F2E3121557C89 /* GiftServiceCoreClient+Authentication.swift */,
				62DD9BDE9C543FC466124348 /* GiftServiceCoreClient+User.swift */,
				62DD97AB2B4D309BA2241060 /* GiftServiceCoreClient+Event.swift */,
				62DD945F8DE0880E9CA83583 /* GiftServiceCoreClient+Venue.swift */,
			);
			path = GiftService;
			sourceTree = "<group>";
		};
		62DD9EF19992D2F658ADD2DA /* Log */ = {
			isa = PBXGroup;
			children = (
				62DD90E975F6E00F64BB05A8 /* Logger.swift */,
			);
			path = Log;
			sourceTree = "<group>";
		};
		62DD9F4907CB3FA89BFE7AED /* Tab */ = {
			isa = PBXGroup;
			children = (
				62DD9926D28B99D8926DBF31 /* MainTabViewController.swift */,
			);
			path = Tab;
			sourceTree = "<group>";
		};
		90C97D551CF39555002D1EB2 = {
			isa = PBXGroup;
			children = (
				90C97D601CF39555002D1EB2 /* gift */,
				90C97D5F1CF39555002D1EB2 /* Products */,
				1719FAF4BBD6C76790B74ED1 /* Pods */,
				2743E59D6794CAD6C1132ECE /* Frameworks */,
			);
			sourceTree = "<group>";
		};
		90C97D5F1CF39555002D1EB2 /* Products */ = {
			isa = PBXGroup;
			children = (
				90C97D5E1CF39555002D1EB2 /* gift.app */,
			);
			name = Products;
			sourceTree = "<group>";
		};
		90C97D601CF39555002D1EB2 /* gift */ = {
			isa = PBXGroup;
			children = (
				90ED0EC31D91DECA0070D27C /* gift.entitlements */,
				90C97D611CF39555002D1EB2 /* AppDelegate.swift */,
				90CFE5901D0FE409005818AA /* LaunchScreen.storyboard */,
				62DD9BEA5EAA58B8D36CB414 /* SupportingFiles */,
				62DD91A7DF7AA3411A23E33C /* DI */,
				62DD9397360AF03736644421 /* Model */,
				62DD966148FE0A4AEF6FDCFB /* Events */,
				62DD97F79DB55AE8082DE02A /* Components */,
				62DD9D427D540E98FD4D243A /* Controllers */,
				62DD96973C6D0E1F7CD55345 /* Utils */,
				62DD98EF75F61EC746DE09E6 /* UI */,
			);
			path = gift;
			sourceTree = "<group>";
		};
		90CFE58B1D0FE3F4005818AA /* Strings */ = {
			isa = PBXGroup;
			children = (
				9036AD0A1D953CC0007D6206 /* InfoPlist.strings */,
				90CFE58C1D0FE3F4005818AA /* Localizable.strings */,
			);
			path = Strings;
			sourceTree = "<group>";
		};
/* End PBXGroup section */

/* Begin PBXNativeTarget section */
		90C97D5D1CF39555002D1EB2 /* gift */ = {
			isa = PBXNativeTarget;
			buildConfigurationList = 90C97D701CF39555002D1EB2 /* Build configuration list for PBXNativeTarget "gift" */;
			buildPhases = (
				D1F0CD655EED75F526BEA788 /* [CP] Check Pods Manifest.lock */,
				90C97D5A1CF39555002D1EB2 /* Sources */,
				90C97D5B1CF39555002D1EB2 /* Frameworks */,
				90C97D5C1CF39555002D1EB2 /* Resources */,
				59D0794175046FD677351A8B /* [CP] Embed Pods Frameworks */,
				8396179C2E9D318194A1859C /* [CP] Copy Pods Resources */,
				90FB42861D9A745F008F47E2 /* Fabric */,
			);
			buildRules = (
			);
			dependencies = (
			);
			name = gift;
			productName = gift;
			productReference = 90C97D5E1CF39555002D1EB2 /* gift.app */;
			productType = "com.apple.product-type.application";
		};
/* End PBXNativeTarget section */

/* Begin PBXProject section */
		90C97D561CF39555002D1EB2 /* Project object */ = {
			isa = PBXProject;
			attributes = {
				LastSwiftUpdateCheck = 0730;
				LastUpgradeCheck = 0810;
				ORGANIZATIONNAME = GiftApp;
				TargetAttributes = {
					90C97D5D1CF39555002D1EB2 = {
						CreatedOnToolsVersion = 7.3.1;
						DevelopmentTeam = GB34WCGQZD;
						LastSwiftMigration = 0800;
						SystemCapabilities = {
							com.apple.Keychain = {
								enabled = 1;
							};
						};
					};
				};
			};
			buildConfigurationList = 90C97D591CF39555002D1EB2 /* Build configuration list for PBXProject "gift" */;
			compatibilityVersion = "Xcode 3.2";
			developmentRegion = English;
			hasScannedForEncodings = 0;
			knownRegions = (
				he,
			);
			mainGroup = 90C97D551CF39555002D1EB2;
			productRefGroup = 90C97D5F1CF39555002D1EB2 /* Products */;
			projectDirPath = "";
			projectRoot = "";
			targets = (
				90C97D5D1CF39555002D1EB2 /* gift */,
			);
		};
/* End PBXProject section */

/* Begin PBXResourcesBuildPhase section */
		90C97D5C1CF39555002D1EB2 /* Resources */ = {
			isa = PBXResourcesBuildPhase;
			buildActionMask = 2147483647;
			files = (
				90CFE5911D0FE409005818AA /* LaunchScreen.storyboard in Resources */,
				9036AD081D953CC0007D6206 /* InfoPlist.strings in Resources */,
				90CFE58F1D0FE3F4005818AA /* Localizable.strings in Resources */,
				62DD972F5DAB092309A23944 /* Assets.xcassets in Resources */,
				62DD9B8C394A43F0E55CE29E /* Rubik-Black.ttf in Resources */,
				62DD9C7666D58695272470D7 /* Rubik-BlackItalic.ttf in Resources */,
				90ACA0871DD785B800D67E57 /* Configuration.plist in Resources */,
				62DD91354D2603DA3924174F /* Rubik-Bold.ttf in Resources */,
				62DD980F331211CC7A8BAE97 /* Rubik-BoldItalic.ttf in Resources */,
				62DD99C46939549472F8C011 /* Rubik-Italic.ttf in Resources */,
				62DD9CC079B66F74B25ED2C5 /* Rubik-Light.ttf in Resources */,
				62DD955DB26FBE3003D598A0 /* Rubik-LightItalic.ttf in Resources */,
				62DD98B2E9FB4FF2D8B4AF7A /* Rubik-Medium.ttf in Resources */,
				62DD92CCD1D9C4A7B1F039D6 /* Rubik-MediumItalic.ttf in Resources */,
				62DD9C6DDD2A27A965AA0C31 /* Rubik-Regular.ttf in Resources */,
			);
			runOnlyForDeploymentPostprocessing = 0;
		};
/* End PBXResourcesBuildPhase section */

/* Begin PBXShellScriptBuildPhase section */
		59D0794175046FD677351A8B /* [CP] Embed Pods Frameworks */ = {
			isa = PBXShellScriptBuildPhase;
			buildActionMask = 2147483647;
			files = (
			);
			inputPaths = (
			);
			name = "[CP] Embed Pods Frameworks";
			outputPaths = (
			);
			runOnlyForDeploymentPostprocessing = 0;
			shellPath = /bin/sh;
			shellScript = "\"${SRCROOT}/Pods/Target Support Files/Pods-gift/Pods-gift-frameworks.sh\"\n";
			showEnvVarsInLog = 0;
		};
		8396179C2E9D318194A1859C /* [CP] Copy Pods Resources */ = {
			isa = PBXShellScriptBuildPhase;
			buildActionMask = 2147483647;
			files = (
			);
			inputPaths = (
			);
			name = "[CP] Copy Pods Resources";
			outputPaths = (
			);
			runOnlyForDeploymentPostprocessing = 0;
			shellPath = /bin/sh;
			shellScript = "\"${SRCROOT}/Pods/Target Support Files/Pods-gift/Pods-gift-resources.sh\"\n";
			showEnvVarsInLog = 0;
		};
		90FB42861D9A745F008F47E2 /* Fabric */ = {
			isa = PBXShellScriptBuildPhase;
			buildActionMask = 2147483647;
			files = (
			);
			inputPaths = (
			);
			name = Fabric;
			outputPaths = (
			);
			runOnlyForDeploymentPostprocessing = 0;
			shellPath = /bin/sh;
			shellScript = "\"${PODS_ROOT}/Fabric/run\" 10cf992722fd7545e5645460a82e4ecdce4cf357 903d316dc335e3d1b9fbce38a9dd55850268662f6bb75fb4abe9abbc3174ee26";
		};
		D1F0CD655EED75F526BEA788 /* [CP] Check Pods Manifest.lock */ = {
			isa = PBXShellScriptBuildPhase;
			buildActionMask = 2147483647;
			files = (
			);
			inputPaths = (
			);
			name = "[CP] Check Pods Manifest.lock";
			outputPaths = (
			);
			runOnlyForDeploymentPostprocessing = 0;
			shellPath = /bin/sh;
			shellScript = "diff \"${PODS_ROOT}/../Podfile.lock\" \"${PODS_ROOT}/Manifest.lock\" > /dev/null\nif [[ $? != 0 ]] ; then\n    cat << EOM\nerror: The sandbox is not in sync with the Podfile.lock. Run 'pod install' or update your CocoaPods installation.\nEOM\n    exit 1\nfi\n";
			showEnvVarsInLog = 0;
		};
/* End PBXShellScriptBuildPhase section */

/* Begin PBXSourcesBuildPhase section */
		90C97D5A1CF39555002D1EB2 /* Sources */ = {
			isa = PBXSourcesBuildPhase;
			buildActionMask = 2147483647;
			files = (
				90C97D621CF39555002D1EB2 /* AppDelegate.swift in Sources */,
				901A5F6E1CF78654008C5E52 /* Token.swift in Sources */,
				62DD9BBBCA0904A5C08A268D /* CoreComponentsAssembly.swift in Sources */,
				62DD930D91B519AFFF2EFA98 /* User.swift in Sources */,
				62DD94107045542006F6A8EF /* ModelBase.swift in Sources */,
				90E050EE1CF8579800A60581 /* ViewControllersAssembly.swift in Sources */,
				62DD9D35D2BBEBDF2F2B436F /* IdentityUpdatedEvent.swift in Sources */,
				90E050EC1CF856D400A60581 /* ApplicationAssembly.swift in Sources */,
				62DD91E5290BC19B93DF9E2D /* FacebookClient.swift in Sources */,
				62DD98D87B040262AFDC4313 /* GiftServiceCoreClient.swift in Sources */,
				62DD906E0E594F11216F3AC4 /* AppRoute.swift in Sources */,
				62DD95B0E0899D5E87785BD9 /* Launcher.swift in Sources */,
				9063255F1D06136100064FC0 /* Alamofire+AuthenticationHeader.swift in Sources */,
				62DD9EC14A6E0945A821201A /* Identity.swift in Sources */,
				62DD95670B946382752186DE /* LoginViewController.swift in Sources */,
				62DD92B8DF265DEC0212B6EA /* LoginView.swift in Sources */,
				62DD9DD112B4D183EC7255DC /* VerificationCodeView.swift in Sources */,
				906325611D06146C00064FC0 /* Alamofire+NonSecureConnection.swift in Sources */,
				62DD999176FE60B9080D7EAE /* VerificaionCodeViewController.swift in Sources */,
				62DD9CFB192E7058F3F0922E /* MainTabViewController.swift in Sources */,
				62DD9229654B5ABFD4ACFFDD /* EditProfileViewController.swift in Sources */,
				62DD9C657A4D9B4D33844951 /* HomeViewController.swift in Sources */,
				62DD94715E11F78F77EEB5D0 /* HistoryViewController.swift in Sources */,
				62DD9E721DF907942F60A02A /* SettingsViewController.swift in Sources */,
				62DD94BBD10FB559F8D4A924 /* String+Localized.swift in Sources */,
				62DD97E242B6113678B41107 /* WelcomeViewController.swift in Sources */,
				62DD9CD0C410605E4929B6BD /* WelcomeView.swift in Sources */,
				62DD9DB15C6C0B60C4E6FA37 /* UIView+Boarders.swift in Sources */,
				62DD9E26144A328F3B6D9871 /* String+PhoneNumber.swift in Sources */,
				62DD9733C7C0536F2E4586AE /* EditProfileView.swift in Sources */,
				62DD9AC8B209CAD8CFDB1F31 /* UIFont+GFTAdditions.swift in Sources */,
				62DD9DEE3EBC9E9F4F12B748 /* UIColor+GFTAdditions.swift in Sources */,
				62DD9E4C8EEC500132AD9622 /* BigButton.swift in Sources */,
				62DD9227F285732C694E5FAD /* ActivityIndicatorView.swift in Sources */,
				62DD984472AE2FC295352D57 /* PaddedTextField.swift in Sources */,
				62DD91E9EF61979664F984C3 /* String+Email.swift in Sources */,
				62DD9E31674C3FBDCE59C2E8 /* Logger.swift in Sources */,
				62DD917138B9DBA0B1B53769 /* AlertViewControllerFactory.swift in Sources */,
				62DD9939495BB87EE8CFD2B6 /* AvatarViewController.swift in Sources */,
				62DD9BCBA6DC7126BE3D620C /* AvatarView.swift in Sources */,
				62DD963C0B7B8A90B110AC44 /* JSON+Date.swift in Sources */,
				62DD9927C252D2D5679E3E4E /* Alamofire+OptionalParameter.swift in Sources */,
				62DD9BD664CDF986B4D67DC9 /* didLoggedOutEvent.swift in Sources */,
				62DD9B323058476B073EF0D9 /* UIImage+Resize.swift in Sources */,
				62DD9B5537156133D476A38C /* UITableView+HeaderViewAutolayout.swift in Sources */,
				62DD95927FF3A8D74B821578 /* SettingsView.swift in Sources */,
				62DD9D5E23E64B9A0EE9DD4F /* SettingsProfileDetailsCell.swift in Sources */,
				62DD9F8781C0E94CBEE44C55 /* SettingsPushButtonCell.swift in Sources */,
				62DD9BF8CED1575C0BFAF09E /* SettingsModalButtonCell.swift in Sources */,
				62DD91CC97693CA350EDD261 /* String+Initials.swift in Sources */,
				62DD97A1995E3B6296837177 /* Configuration.swift in Sources */,
				62DD976845ABAB3831D0B31D /* UIVIewController+HideKeyboard.swift in Sources */,
				62DD99F352BF3865BAFBFB13 /* AnimatedTextField.swift in Sources */,
				62DD9BC19D7706F463E9ABC0 /* DeveloperTools.swift in Sources */,
				62DD990BF1D10B366F6E53BB /* HomeView.swift in Sources */,
				62DD9448AEE9BAA5E0BA67AE /* SendGiftButton.swift in Sources */,
				62DD9735E71E428EFADFCE22 /* Date+String.swift in Sources */,
				62DD936CF738D6209B33CD7D /* EventSearchViewController.swift in Sources */,
				62DD97AC351F75E25753FFD5 /* EventSearchView.swift in Sources */,
				62DD9668E95D1D23DFC8DBFA /* EventCell.swift in Sources */,
				62DD92F811605DC177794E90 /* Event.swift in Sources */,
				62DD9D8AD08619FC99E2EB64 /* Venue.swift in Sources */,
				62DD9059680C758930A0154A /* LocationManager.swift in Sources */,
				62DD9A8F9D45F24891A9B048 /* LocationUtils.swift in Sources */,
				62DD92DDFA3CB54F352B1B32 /* DTOBase.swift in Sources */,
				62DD9D7E19A522EC9ACD82AD /* EventDTO.swift in Sources */,
				62DD9EEB4155E4B3BB9287C2 /* VenueDTO.swift in Sources */,
				62DD989029E372C21C2DECB6 /* UserDTO.swift in Sources */,
				62DD9318D4342F59E3A492C7 /* TokenDTO.swift in Sources */,
				62DD93E4288DF9D87124734B /* GiftServiceCoreClient+Authentication.swift in Sources */,
				62DD92029A6850D585FEA9F3 /* GiftServiceCoreClient+User.swift in Sources */,
				62DD98D522EBF951B3848F41 /* GiftServiceCoreClient+Event.swift in Sources */,
				62DD9A469B8830F977A0E34D /* GiftServiceCoreClient+Venue.swift in Sources */,
				62DD9B2BE8291EB521F5529C /* EventService.swift in Sources */,
				62DD9CF888974D2484E933A5 /* VenueService.swift in Sources */,
				62DD9B8D4797D9EDD9123648 /* AuthenticationService.swift in Sources */,
				62DD994E0D14A5C284A358B1 /* UserService.swift in Sources */,
				62DD9937F8A62FD99E0293A2 /* ModelFactory.swift in Sources */,
				62DD9623AF79D8B270E08B43 /* Alamofire+CollectionRequestParamEncoding.swift in Sources */,
				62DD9A2D09B0D5FA8AF7320F /* EventSearchResultsViewController.swift in Sources */,
				62DD9F81DB36304FF54E00D6 /* EventSearchResultsView.swift in Sources */,
				62DD92509084F389BF23D725 /* EmptyTablePlaceholderView.swift in Sources */,
				62DD9D83B5251FDEDDD2A800 /* VenueSearchViewController.swift in Sources */,
				62DD947BC999D76B65C5C5D1 /* VenueSearchResultsViewController.swift in Sources */,
				62DD90470870A5C2378DC4E8 /* VenueSearchView.swift in Sources */,
				62DD90EAAF31F281943FCBAE /* VenueSearchResultsView.swift in Sources */,
				62DD999F6932932AFC6DFB3B /* VenueCell.swift in Sources */,
				62DD93E03668496594A71196 /* DistanceUnitUtils.swift in Sources */,
				62DD9BD7EF079D1E9F4DD468 /* CreateCoupleViewController.swift in Sources */,
				62DD92B1988F46AB4ACDBCC7 /* CreateCoupleView.swift in Sources */,
				62DD9544284E5BFDBD6A3C48 /* ContactDetailsView.swift in Sources */,
				62DD93A2272FF588DBF396CF /* UIView+RoundedCorenersAndBaorder.swift in Sources */,
			);
			runOnlyForDeploymentPostprocessing = 0;
		};
/* End PBXSourcesBuildPhase section */

/* Begin PBXVariantGroup section */
		9036AD0A1D953CC0007D6206 /* InfoPlist.strings */ = {
			isa = PBXVariantGroup;
			children = (
				9036AD0B1D953CC1007D6206 /* he */,
			);
			name = InfoPlist.strings;
			sourceTree = "<group>";
		};
		90CFE58C1D0FE3F4005818AA /* Localizable.strings */ = {
			isa = PBXVariantGroup;
			children = (
				90CFE58E1D0FE3F4005818AA /* he */,
			);
			name = Localizable.strings;
			sourceTree = "<group>";
		};
/* End PBXVariantGroup section */

/* Begin XCBuildConfiguration section */
		90ACA0821DD7853800D67E57 /* DevelopmentLocal */ = {
			isa = XCBuildConfiguration;
			buildSettings = {
				ALWAYS_SEARCH_USER_PATHS = NO;
				CLANG_ANALYZER_LOCALIZABILITY_NONLOCALIZED = YES;
				CLANG_ANALYZER_NONNULL = YES;
				CLANG_CXX_LANGUAGE_STANDARD = "gnu++0x";
				CLANG_CXX_LIBRARY = "libc++";
				CLANG_ENABLE_MODULES = YES;
				CLANG_ENABLE_OBJC_ARC = YES;
				CLANG_WARN_BOOL_CONVERSION = YES;
				CLANG_WARN_CONSTANT_CONVERSION = YES;
				CLANG_WARN_DIRECT_OBJC_ISA_USAGE = YES_ERROR;
				CLANG_WARN_EMPTY_BODY = YES;
				CLANG_WARN_ENUM_CONVERSION = YES;
				CLANG_WARN_INFINITE_RECURSION = YES;
				CLANG_WARN_INT_CONVERSION = YES;
				CLANG_WARN_OBJC_ROOT_CLASS = YES_ERROR;
				CLANG_WARN_SUSPICIOUS_MOVE = YES;
				CLANG_WARN_UNREACHABLE_CODE = YES;
				CLANG_WARN__DUPLICATE_METHOD_MATCH = YES;
				"CODE_SIGN_IDENTITY[sdk=iphoneos*]" = "iPhone Developer";
				COPY_PHASE_STRIP = NO;
				DEBUG_INFORMATION_FORMAT = "dwarf-with-dsym";
				ENABLE_STRICT_OBJC_MSGSEND = YES;
				ENABLE_TESTABILITY = YES;
				GCC_C_LANGUAGE_STANDARD = gnu99;
				GCC_DYNAMIC_NO_PIC = NO;
				GCC_NO_COMMON_BLOCKS = YES;
				GCC_OPTIMIZATION_LEVEL = 0;
				GCC_PREPROCESSOR_DEFINITIONS = (
					"DEBUG=1",
					"$(inherited)",
				);
				GCC_WARN_64_TO_32_BIT_CONVERSION = YES;
				GCC_WARN_ABOUT_RETURN_TYPE = YES_ERROR;
				GCC_WARN_UNDECLARED_SELECTOR = YES;
				GCC_WARN_UNINITIALIZED_AUTOS = YES_AGGRESSIVE;
				GCC_WARN_UNUSED_FUNCTION = YES;
				GCC_WARN_UNUSED_VARIABLE = YES;
				IPHONEOS_DEPLOYMENT_TARGET = 9.3;
				MTL_ENABLE_DEBUG_INFO = YES;
				ONLY_ACTIVE_ARCH = YES;
				SDKROOT = iphoneos;
				SWIFT_OPTIMIZATION_LEVEL = "-Onone";
			};
			name = DevelopmentLocal;
		};
		90ACA0831DD7853800D67E57 /* DevelopmentLocal */ = {
			isa = XCBuildConfiguration;
			baseConfigurationReference = 06672106674880108809560A /* Pods-gift.developmentlocal.xcconfig */;
			buildSettings = {
				ALWAYS_EMBED_SWIFT_STANDARD_LIBRARIES = YES;
				ASSETCATALOG_COMPILER_APPICON_NAME = AppIcon;
				CODE_SIGN_ENTITLEMENTS = gift/gift.entitlements;
				DEVELOPMENT_TEAM = GB34WCGQZD;
				INFOPLIST_FILE = gift/SupportingFiles/Info.plist;
				IPHONEOS_DEPLOYMENT_TARGET = 9.0;
				LD_RUNPATH_SEARCH_PATHS = "$(inherited) @executable_path/Frameworks";
				PRODUCT_BUNDLE_IDENTIFIER = il.co.giftapp;
				PRODUCT_NAME = "$(TARGET_NAME)";
				SWIFT_VERSION = 3.0;
			};
			name = DevelopmentLocal;
		};
		90C97D6E1CF39555002D1EB2 /* Development */ = {
			isa = XCBuildConfiguration;
			buildSettings = {
				ALWAYS_SEARCH_USER_PATHS = NO;
				CLANG_ANALYZER_LOCALIZABILITY_NONLOCALIZED = YES;
				CLANG_ANALYZER_NONNULL = YES;
				CLANG_CXX_LANGUAGE_STANDARD = "gnu++0x";
				CLANG_CXX_LIBRARY = "libc++";
				CLANG_ENABLE_MODULES = YES;
				CLANG_ENABLE_OBJC_ARC = YES;
				CLANG_WARN_BOOL_CONVERSION = YES;
				CLANG_WARN_CONSTANT_CONVERSION = YES;
				CLANG_WARN_DIRECT_OBJC_ISA_USAGE = YES_ERROR;
				CLANG_WARN_EMPTY_BODY = YES;
				CLANG_WARN_ENUM_CONVERSION = YES;
				CLANG_WARN_INFINITE_RECURSION = YES;
				CLANG_WARN_INT_CONVERSION = YES;
				CLANG_WARN_OBJC_ROOT_CLASS = YES_ERROR;
				CLANG_WARN_SUSPICIOUS_MOVE = YES;
				CLANG_WARN_UNREACHABLE_CODE = YES;
				CLANG_WARN__DUPLICATE_METHOD_MATCH = YES;
				"CODE_SIGN_IDENTITY[sdk=iphoneos*]" = "iPhone Developer";
				COPY_PHASE_STRIP = NO;
				DEBUG_INFORMATION_FORMAT = "dwarf-with-dsym";
				ENABLE_STRICT_OBJC_MSGSEND = YES;
				ENABLE_TESTABILITY = YES;
				GCC_C_LANGUAGE_STANDARD = gnu99;
				GCC_DYNAMIC_NO_PIC = NO;
				GCC_NO_COMMON_BLOCKS = YES;
				GCC_OPTIMIZATION_LEVEL = 0;
				GCC_PREPROCESSOR_DEFINITIONS = (
					"DEBUG=1",
					"$(inherited)",
				);
				GCC_WARN_64_TO_32_BIT_CONVERSION = YES;
				GCC_WARN_ABOUT_RETURN_TYPE = YES_ERROR;
				GCC_WARN_UNDECLARED_SELECTOR = YES;
				GCC_WARN_UNINITIALIZED_AUTOS = YES_AGGRESSIVE;
				GCC_WARN_UNUSED_FUNCTION = YES;
				GCC_WARN_UNUSED_VARIABLE = YES;
				IPHONEOS_DEPLOYMENT_TARGET = 9.3;
				MTL_ENABLE_DEBUG_INFO = YES;
				ONLY_ACTIVE_ARCH = YES;
				SDKROOT = iphoneos;
				SWIFT_OPTIMIZATION_LEVEL = "-Onone";
			};
			name = Development;
		};
		90C97D6F1CF39555002D1EB2 /* Production */ = {
			isa = XCBuildConfiguration;
			buildSettings = {
				ALWAYS_SEARCH_USER_PATHS = NO;
				CLANG_ANALYZER_LOCALIZABILITY_NONLOCALIZED = YES;
				CLANG_ANALYZER_NONNULL = YES;
				CLANG_CXX_LANGUAGE_STANDARD = "gnu++0x";
				CLANG_CXX_LIBRARY = "libc++";
				CLANG_ENABLE_MODULES = YES;
				CLANG_ENABLE_OBJC_ARC = YES;
				CLANG_WARN_BOOL_CONVERSION = YES;
				CLANG_WARN_CONSTANT_CONVERSION = YES;
				CLANG_WARN_DIRECT_OBJC_ISA_USAGE = YES_ERROR;
				CLANG_WARN_EMPTY_BODY = YES;
				CLANG_WARN_ENUM_CONVERSION = YES;
				CLANG_WARN_INFINITE_RECURSION = YES;
				CLANG_WARN_INT_CONVERSION = YES;
				CLANG_WARN_OBJC_ROOT_CLASS = YES_ERROR;
				CLANG_WARN_SUSPICIOUS_MOVE = YES;
				CLANG_WARN_UNREACHABLE_CODE = YES;
				CLANG_WARN__DUPLICATE_METHOD_MATCH = YES;
				"CODE_SIGN_IDENTITY[sdk=iphoneos*]" = "iPhone Developer";
				COPY_PHASE_STRIP = NO;
				DEBUG_INFORMATION_FORMAT = "dwarf-with-dsym";
				ENABLE_NS_ASSERTIONS = NO;
				ENABLE_STRICT_OBJC_MSGSEND = YES;
				GCC_C_LANGUAGE_STANDARD = gnu99;
				GCC_NO_COMMON_BLOCKS = YES;
				GCC_WARN_64_TO_32_BIT_CONVERSION = YES;
				GCC_WARN_ABOUT_RETURN_TYPE = YES_ERROR;
				GCC_WARN_UNDECLARED_SELECTOR = YES;
				GCC_WARN_UNINITIALIZED_AUTOS = YES_AGGRESSIVE;
				GCC_WARN_UNUSED_FUNCTION = YES;
				GCC_WARN_UNUSED_VARIABLE = YES;
				IPHONEOS_DEPLOYMENT_TARGET = 9.3;
				MTL_ENABLE_DEBUG_INFO = NO;
				SDKROOT = iphoneos;
				SWIFT_OPTIMIZATION_LEVEL = "-Owholemodule";
				VALIDATE_PRODUCT = YES;
			};
			name = Production;
		};
		90C97D711CF39555002D1EB2 /* Development */ = {
			isa = XCBuildConfiguration;
			baseConfigurationReference = C1CE31C58D1767F9B982AE94 /* Pods-gift.development.xcconfig */;
			buildSettings = {
				ALWAYS_EMBED_SWIFT_STANDARD_LIBRARIES = YES;
				ASSETCATALOG_COMPILER_APPICON_NAME = AppIcon;
				CODE_SIGN_ENTITLEMENTS = gift/gift.entitlements;
				DEVELOPMENT_TEAM = GB34WCGQZD;
				INFOPLIST_FILE = gift/SupportingFiles/Info.plist;
				IPHONEOS_DEPLOYMENT_TARGET = 9.0;
				LD_RUNPATH_SEARCH_PATHS = "$(inherited) @executable_path/Frameworks";
				PRODUCT_BUNDLE_IDENTIFIER = il.co.giftapp;
				PRODUCT_NAME = "$(TARGET_NAME)";
				SWIFT_VERSION = 3.0;
			};
			name = Development;
		};
		90C97D721CF39555002D1EB2 /* Production */ = {
			isa = XCBuildConfiguration;
			baseConfigurationReference = 9AD7A40C6C8FE6174D5DD9B9 /* Pods-gift.production.xcconfig */;
			buildSettings = {
				ALWAYS_EMBED_SWIFT_STANDARD_LIBRARIES = YES;
				ASSETCATALOG_COMPILER_APPICON_NAME = AppIcon;
				CODE_SIGN_ENTITLEMENTS = gift/gift.entitlements;
				DEVELOPMENT_TEAM = GB34WCGQZD;
				INFOPLIST_FILE = gift/SupportingFiles/Info.plist;
				IPHONEOS_DEPLOYMENT_TARGET = 9.0;
				LD_RUNPATH_SEARCH_PATHS = "$(inherited) @executable_path/Frameworks";
				PRODUCT_BUNDLE_IDENTIFIER = il.co.giftapp;
				PRODUCT_NAME = "$(TARGET_NAME)";
				SWIFT_VERSION = 3.0;
			};
			name = Production;
		};
/* End XCBuildConfiguration section */

/* Begin XCConfigurationList section */
		90C97D591CF39555002D1EB2 /* Build configuration list for PBXProject "gift" */ = {
			isa = XCConfigurationList;
			buildConfigurations = (
				90C97D6E1CF39555002D1EB2 /* Development */,
				90ACA0821DD7853800D67E57 /* DevelopmentLocal */,
				90C97D6F1CF39555002D1EB2 /* Production */,
			);
			defaultConfigurationIsVisible = 0;
			defaultConfigurationName = Production;
		};
		90C97D701CF39555002D1EB2 /* Build configuration list for PBXNativeTarget "gift" */ = {
			isa = XCConfigurationList;
			buildConfigurations = (
				90C97D711CF39555002D1EB2 /* Development */,
				90ACA0831DD7853800D67E57 /* DevelopmentLocal */,
				90C97D721CF39555002D1EB2 /* Production */,
			);
			defaultConfigurationIsVisible = 0;
			defaultConfigurationName = Production;
		};
/* End XCConfigurationList section */
	};
	rootObject = 90C97D561CF39555002D1EB2 /* Project object */;
}
