PODS:
  - Alamofire (4.0.0)
  - AsyncSwift (2.0.1)
  - Bolts (1.8.4):
    - Bolts/AppLinks (= 1.8.4)
    - Bolts/Tasks (= 1.8.4)
  - Bolts/AppLinks (1.8.4):
    - Bolts/Tasks
  - Bolts/Tasks (1.8.4)
  - Crashlytics (3.8.2):
    - Fabric (~> 1.6.3)
  - Fabric (1.6.8)
  - FBSDKCoreKit (4.15.1):
    - Bolts (~> 1.7)
  - FBSDKLoginKit (4.15.1):
    - FBSDKCoreKit
  - FBSDKShareKit (4.15.1):
    - FBSDKCoreKit
  - Kingfisher (3.2.3)
  - Locksmith (3.0.0)
  - NVActivityIndicatorView (3.0)
  - PMAlertController (2.0.0)
  - SnapKit (3.0.0)
  - SwiftDate (4.0.8)
  - SwiftyJSON (3.1.3)
  - Typhoon (3.5.1):
    - Typhoon/no-arc (= 3.5.1)
  - Typhoon/no-arc (3.5.1)
  - XCGLogger (4.0.0):
    - XCGLogger/Core (= 4.0.0)
  - XCGLogger/Core (4.0.0)

DEPENDENCIES:
  - Alamofire (~> 4.0.0)
  - AsyncSwift (~> 2.0.1)
  - Bolts (~> 1.8.4)
  - Crashlytics
  - Fabric
  - FBSDKCoreKit (~> 4.15.1)
  - FBSDKLoginKit (~> 4.15.1)
  - FBSDKShareKit (~> 4.15.1)
  - Kingfisher (~> 3.2.3)
  - Locksmith (~> 3.0.0)
  - NVActivityIndicatorView (~> 3.0)
  - PMAlertController (~> 2.0.0)
  - SnapKit (~> 3.0.0)
  - SwiftDate (~> 4.0.8)
  - SwiftyJSON (~> 3.1.3)
  - Typhoon (~> 3.5.1)
  - XCGLogger (~> 4.0.0)

SPEC CHECKSUMS:
  Alamofire: fef59f00388f267e52d9b432aa5d93dc97190f14
  AsyncSwift: 632138e42ead868b53c745fcde9bf733ce1527ad
  Bolts: 8a7995239dbe724f9cba2248b766d48b7ebdd322
  Crashlytics: 27acca95a01b042a8294291dd6dff27f8f6af6d7
  Fabric: 5755268d0171435ab167e3d0878a28a777deaf10
  FBSDKCoreKit: fc7fa53d16b095ee3fd53f0cd59f1df8bcbb634d
  FBSDKLoginKit: 073f79b3b2e762fc6f54a283fe15f45372d59f5f
  FBSDKShareKit: 11cbb5a4d7b5fda8143cc95b76188147e6725736
  Kingfisher: 0e789b4069e20da071d6eec59a9cfb4cee67a1cb
  Locksmith: 310b4cc5031af5728bf4db5d4de547a5100c6a3b
  NVActivityIndicatorView: 81953b5e65093ba79edf4fe7268e002039ca5268
  PMAlertController: edd2ae1f2a31ec77db72103a2dd81a77d6b5de95
  SnapKit: 98af0a4e9369d3c58f758967518081dbdc7eb1d9
  SwiftDate: 9aa3259d8850d818bec02802f8f05aa9a8c26fdb
  SwiftyJSON: 38a8ea2006779c0fc4c310cb2ee8195327740faf
  Typhoon: c0950bb9f2e835eb8a7dc6983160109b6baf2dda
  XCGLogger: 38063ea89b4c8b23232d18efd2e12eb0005f3ea4

PODFILE CHECKSUM: c95fc1b78287e71a27673f7afe536a8179f130c5

COCOAPODS: 1.0.1
